// !$*UTF8*$!
{
	archiveVersion = 1;
	classes = {
	};
	objectVersion = 56;
	objects = {

/* Begin PBXBuildFile section */
		3505D2462911FBA9008B7274 /* Realm in Frameworks */ = {isa = PBXBuildFile; productRef = 3505D2452911FBA9008B7274 /* Realm */; };
		3505D2482911FBA9008B7274 /* RealmSwift in Frameworks */ = {isa = PBXBuildFile; productRef = 3505D2472911FBA9008B7274 /* RealmSwift */; };
		35E000022911EEF2009D284D /* TapInApp.swift in Sources */ = {isa = PBXBuildFile; fileRef = 35E000012911EEF2009D284D /* TapInApp.swift */; };
		35E000062911EEF3009D284D /* Assets.xcassets in Resources */ = {isa = PBXBuildFile; fileRef = 35E000052911EEF3009D284D /* Assets.xcassets */; };
		35E000092911EEF3009D284D /* Preview Assets.xcassets in Resources */ = {isa = PBXBuildFile; fileRef = 35E000082911EEF3009D284D /* Preview Assets.xcassets */; };
		35E000142911EEF3009D284D /* TapInTests.swift in Sources */ = {isa = PBXBuildFile; fileRef = 35E000132911EEF3009D284D /* TapInTests.swift */; };
		35E0001E2911EEF3009D284D /* TapInUITests.swift in Sources */ = {isa = PBXBuildFile; fileRef = 35E0001D2911EEF3009D284D /* TapInUITests.swift */; };
		35E000202911EEF3009D284D /* TapInUITestsLaunchTests.swift in Sources */ = {isa = PBXBuildFile; fileRef = 35E0001F2911EEF3009D284D /* TapInUITestsLaunchTests.swift */; };
		35E000392911F382009D284D /* NuclearWasteland.swift in Sources */ = {isa = PBXBuildFile; fileRef = 35E000382911F382009D284D /* NuclearWasteland.swift */; };
		35E000402911F400009D284D /* Color+.swift in Sources */ = {isa = PBXBuildFile; fileRef = 35E0003F2911F400009D284D /* Color+.swift */; };
		35E000422911F40C009D284D /* Collection+.swift in Sources */ = {isa = PBXBuildFile; fileRef = 35E000412911F40C009D284D /* Collection+.swift */; };
		35E000442911F415009D284D /* URL+.swift in Sources */ = {isa = PBXBuildFile; fileRef = 35E000432911F415009D284D /* URL+.swift */; };
		35E000462911F41F009D284D /* String+.swift in Sources */ = {isa = PBXBuildFile; fileRef = 35E000452911F41F009D284D /* String+.swift */; };
		35E000492911F43B009D284D /* CustomPersistables.swift in Sources */ = {isa = PBXBuildFile; fileRef = 35E000482911F43B009D284D /* CustomPersistables.swift */; };
		35E0004C2911F44E009D284D /* ViewModifiers.swift in Sources */ = {isa = PBXBuildFile; fileRef = 35E0004B2911F44E009D284D /* ViewModifiers.swift */; };
		35E0004E2911F46B009D284D /* MenuItem.swift in Sources */ = {isa = PBXBuildFile; fileRef = 35E0004D2911F46B009D284D /* MenuItem.swift */; };
		35E000502911F47D009D284D /* SwiftUIHelpers.swift in Sources */ = {isa = PBXBuildFile; fileRef = 35E0004F2911F47D009D284D /* SwiftUIHelpers.swift */; };
		35E000522911F493009D284D /* WorkspaceDB.swift in Sources */ = {isa = PBXBuildFile; fileRef = 35E000512911F493009D284D /* WorkspaceDB.swift */; };
		35E000542911F49F009D284D /* RealmManager.swift in Sources */ = {isa = PBXBuildFile; fileRef = 35E000532911F49F009D284D /* RealmManager.swift */; };
		35E000562911F4AB009D284D /* PomodoroDB.swift in Sources */ = {isa = PBXBuildFile; fileRef = 35E000552911F4AB009D284D /* PomodoroDB.swift */; };
		35E000582911F4B6009D284D /* BlockerDB.swift in Sources */ = {isa = PBXBuildFile; fileRef = 35E000572911F4B6009D284D /* BlockerDB.swift */; };
		35E0005A2911F4C6009D284D /* TimeTrackerDB.swift in Sources */ = {isa = PBXBuildFile; fileRef = 35E000592911F4C6009D284D /* TimeTrackerDB.swift */; };
		35E0005C2911F4D4009D284D /* LauncherInstanceDB.swift in Sources */ = {isa = PBXBuildFile; fileRef = 35E0005B2911F4D4009D284D /* LauncherInstanceDB.swift */; };
		35E0005E2911F4E5009D284D /* LauncherDB.swift in Sources */ = {isa = PBXBuildFile; fileRef = 35E0005D2911F4E5009D284D /* LauncherDB.swift */; };
		35E000602911F4F4009D284D /* SessionDB.swift in Sources */ = {isa = PBXBuildFile; fileRef = 35E0005F2911F4F4009D284D /* SessionDB.swift */; };
		35E000632911F513009D284D /* piano-0.mp3 in Resources */ = {isa = PBXBuildFile; fileRef = 35E000612911F513009D284D /* piano-0.mp3 */; };
		35E000642911F513009D284D /* piano-1.mp3 in Resources */ = {isa = PBXBuildFile; fileRef = 35E000622911F513009D284D /* piano-1.mp3 */; };
		35E000B92911F531009D284D /* SidebarVM.swift in Sources */ = {isa = PBXBuildFile; fileRef = 35E000682911F531009D284D /* SidebarVM.swift */; };
		35E000BA2911F531009D284D /* StateManager.swift in Sources */ = {isa = PBXBuildFile; fileRef = 35E000692911F531009D284D /* StateManager.swift */; };
		35E000BB2911F531009D284D /* MenuItemNode.swift in Sources */ = {isa = PBXBuildFile; fileRef = 35E0006B2911F531009D284D /* MenuItemNode.swift */; };
		35E000BD2911F531009D284D /* SidebarButtonToWorkspace.swift in Sources */ = {isa = PBXBuildFile; fileRef = 35E0006E2911F531009D284D /* SidebarButtonToWorkspace.swift */; };
		35E000BE2911F531009D284D /* SidebarButtonToPage.swift in Sources */ = {isa = PBXBuildFile; fileRef = 35E0006F2911F531009D284D /* SidebarButtonToPage.swift */; };
		35E000BF2911F531009D284D /* Sidebar.swift in Sources */ = {isa = PBXBuildFile; fileRef = 35E000702911F531009D284D /* Sidebar.swift */; };
		35E000C02911F531009D284D /* ContentView.swift in Sources */ = {isa = PBXBuildFile; fileRef = 35E000712911F531009D284D /* ContentView.swift */; };
		35E000C12911F531009D284D /* WorkspaceTimeTracking.swift in Sources */ = {isa = PBXBuildFile; fileRef = 35E000762911F531009D284D /* WorkspaceTimeTracking.swift */; };
		35E000C22911F531009D284D /* SettingsView.swift in Sources */ = {isa = PBXBuildFile; fileRef = 35E000772911F531009D284D /* SettingsView.swift */; };
		35E000C32911F531009D284D /* Settings.swift in Sources */ = {isa = PBXBuildFile; fileRef = 35E000782911F531009D284D /* Settings.swift */; };
		35E000C42911F531009D284D /* GeneralSettingsView.swift in Sources */ = {isa = PBXBuildFile; fileRef = 35E000792911F531009D284D /* GeneralSettingsView.swift */; };
		35E000C52911F531009D284D /* WorkspaceSettingsView.swift in Sources */ = {isa = PBXBuildFile; fileRef = 35E0007A2911F531009D284D /* WorkspaceSettingsView.swift */; };
		35E000C62911F531009D284D /* TimeTrackerModel.swift in Sources */ = {isa = PBXBuildFile; fileRef = 35E0007D2911F531009D284D /* TimeTrackerModel.swift */; };
		35E000C72911F531009D284D /* LauncherState.swift in Sources */ = {isa = PBXBuildFile; fileRef = 35E000822911F531009D284D /* LauncherState.swift */; };
		35E000C82911F531009D284D /* LauncherModelExtra.swift in Sources */ = {isa = PBXBuildFile; fileRef = 35E000842911F531009D284D /* LauncherModelExtra.swift */; };
		35E000C92911F531009D284D /* WorkspaceLauncher.swift in Sources */ = {isa = PBXBuildFile; fileRef = 35E000862911F531009D284D /* WorkspaceLauncher.swift */; };
		35E000CA2911F531009D284D /* SharedLauncherViewComponents.swift in Sources */ = {isa = PBXBuildFile; fileRef = 35E000872911F531009D284D /* SharedLauncherViewComponents.swift */; };
		35E000CB2911F531009D284D /* EmptyLauncherView.swift in Sources */ = {isa = PBXBuildFile; fileRef = 35E000882911F531009D284D /* EmptyLauncherView.swift */; };
		35E000CC2911F531009D284D /* FileLauncherView.swift in Sources */ = {isa = PBXBuildFile; fileRef = 35E000892911F531009D284D /* FileLauncherView.swift */; };
		35E000CD2911F531009D284D /* AppLauncherView.swift in Sources */ = {isa = PBXBuildFile; fileRef = 35E0008A2911F531009D284D /* AppLauncherView.swift */; };
		35E000CE2911F531009D284D /* LauncherPopups.swift in Sources */ = {isa = PBXBuildFile; fileRef = 35E0008B2911F531009D284D /* LauncherPopups.swift */; };
		35E000CF2911F531009D284D /* WebsiteLauncherView.swift in Sources */ = {isa = PBXBuildFile; fileRef = 35E0008C2911F531009D284D /* WebsiteLauncherView.swift */; };
		35E000D02911F531009D284D /* RadioState.swift in Sources */ = {isa = PBXBuildFile; fileRef = 35E0008F2911F531009D284D /* RadioState.swift */; };
		35E000D12911F531009D284D /* RadioChannelModel.swift in Sources */ = {isa = PBXBuildFile; fileRef = 35E000912911F531009D284D /* RadioChannelModel.swift */; };
		35E000D22911F531009D284D /* RadioPlayer.swift in Sources */ = {isa = PBXBuildFile; fileRef = 35E000922911F531009D284D /* RadioPlayer.swift */; };
		35E000D32911F531009D284D /* RadioView.swift in Sources */ = {isa = PBXBuildFile; fileRef = 35E000942911F531009D284D /* RadioView.swift */; };
		35E000D42911F531009D284D /* WorkspaceVM.swift in Sources */ = {isa = PBXBuildFile; fileRef = 35E000972911F531009D284D /* WorkspaceVM.swift */; };
		35E000D52911F531009D284D /* WorkspaceViewModelHolder.swift in Sources */ = {isa = PBXBuildFile; fileRef = 35E000992911F531009D284D /* WorkspaceViewModelHolder.swift */; };
		35E000D62911F531009D284D /* WorkspaceBrowse.swift in Sources */ = {isa = PBXBuildFile; fileRef = 35E0009B2911F531009D284D /* WorkspaceBrowse.swift */; };
		35E000D72911F531009D284D /* BlockerState.swift in Sources */ = {isa = PBXBuildFile; fileRef = 35E0009E2911F531009D284D /* BlockerState.swift */; };
		35E000D82911F531009D284D /* WorkspaceBlocker.swift in Sources */ = {isa = PBXBuildFile; fileRef = 35E000A02911F531009D284D /* WorkspaceBlocker.swift */; };
		35E000D92911F531009D284D /* RadioBottomMenuController.swift in Sources */ = {isa = PBXBuildFile; fileRef = 35E000A62911F531009D284D /* RadioBottomMenuController.swift */; };
		35E000DA2911F531009D284D /* WorkspaceTab.swift in Sources */ = {isa = PBXBuildFile; fileRef = 35E000A82911F531009D284D /* WorkspaceTab.swift */; };
		35E000DB2911F531009D284D /* Direction.swift in Sources */ = {isa = PBXBuildFile; fileRef = 35E000A92911F531009D284D /* Direction.swift */; };
		35E000DC2911F531009D284D /* InactiveBottomMenu.swift in Sources */ = {isa = PBXBuildFile; fileRef = 35E000AB2911F531009D284D /* InactiveBottomMenu.swift */; };
		35E000DD2911F531009D284D /* BottomMenu.swift in Sources */ = {isa = PBXBuildFile; fileRef = 35E000AC2911F531009D284D /* BottomMenu.swift */; };
		35E000DE2911F531009D284D /* ActiveBottomMenu.swift in Sources */ = {isa = PBXBuildFile; fileRef = 35E000AD2911F531009D284D /* ActiveBottomMenu.swift */; };
		35E000DF2911F531009D284D /* PomodoroState.swift in Sources */ = {isa = PBXBuildFile; fileRef = 35E000B02911F531009D284D /* PomodoroState.swift */; };
		35E000E02911F531009D284D /* PomodoroStageState.swift in Sources */ = {isa = PBXBuildFile; fileRef = 35E000B22911F531009D284D /* PomodoroStageState.swift */; };
		35E000E12911F531009D284D /* TimerMode.swift in Sources */ = {isa = PBXBuildFile; fileRef = 35E000B32911F531009D284D /* TimerMode.swift */; };
		35E000E22911F531009D284D /* PomodoroTimerState.swift in Sources */ = {isa = PBXBuildFile; fileRef = 35E000B42911F531009D284D /* PomodoroTimerState.swift */; };
		35E000E32911F531009D284D /* PomodoroStage.swift in Sources */ = {isa = PBXBuildFile; fileRef = 35E000B52911F531009D284D /* PomodoroStage.swift */; };
		35E000E42911F531009D284D /* PomodoroTicker.swift in Sources */ = {isa = PBXBuildFile; fileRef = 35E000B62911F531009D284D /* PomodoroTicker.swift */; };
		35E000E52911F531009D284D /* WorkspacePomodoro.swift in Sources */ = {isa = PBXBuildFile; fileRef = 35E000B82911F531009D284D /* WorkspacePomodoro.swift */; };
/* End PBXBuildFile section */

/* Begin PBXContainerItemProxy section */
		35E000102911EEF3009D284D /* PBXContainerItemProxy */ = {
			isa = PBXContainerItemProxy;
			containerPortal = 35E0FFF62911EEF2009D284D /* Project object */;
			proxyType = 1;
			remoteGlobalIDString = 35E0FFFD2911EEF2009D284D;
			remoteInfo = TapIn;
		};
		35E0001A2911EEF3009D284D /* PBXContainerItemProxy */ = {
			isa = PBXContainerItemProxy;
			containerPortal = 35E0FFF62911EEF2009D284D /* Project object */;
			proxyType = 1;
			remoteGlobalIDString = 35E0FFFD2911EEF2009D284D;
			remoteInfo = TapIn;
		};
/* End PBXContainerItemProxy section */

/* Begin PBXFileReference section */
		35E000012911EEF2009D284D /* TapInApp.swift */ = {isa = PBXFileReference; lastKnownFileType = sourcecode.swift; path = TapInApp.swift; sourceTree = "<group>"; };
		35E000052911EEF3009D284D /* Assets.xcassets */ = {isa = PBXFileReference; lastKnownFileType = folder.assetcatalog; path = Assets.xcassets; sourceTree = "<group>"; };
		35E000082911EEF3009D284D /* Preview Assets.xcassets */ = {isa = PBXFileReference; lastKnownFileType = folder.assetcatalog; path = "Preview Assets.xcassets"; sourceTree = "<group>"; };
		35E0000A2911EEF3009D284D /* TapIn.entitlements */ = {isa = PBXFileReference; lastKnownFileType = text.plist.entitlements; path = TapIn.entitlements; sourceTree = "<group>"; };
		35E0000F2911EEF3009D284D /* TapInTests.xctest */ = {isa = PBXFileReference; explicitFileType = wrapper.cfbundle; includeInIndex = 0; path = TapInTests.xctest; sourceTree = BUILT_PRODUCTS_DIR; };
		35E000132911EEF3009D284D /* TapInTests.swift */ = {isa = PBXFileReference; lastKnownFileType = sourcecode.swift; path = TapInTests.swift; sourceTree = "<group>"; };
		35E000192911EEF3009D284D /* TapInUITests.xctest */ = {isa = PBXFileReference; explicitFileType = wrapper.cfbundle; includeInIndex = 0; path = TapInUITests.xctest; sourceTree = BUILT_PRODUCTS_DIR; };
		35E0001D2911EEF3009D284D /* TapInUITests.swift */ = {isa = PBXFileReference; lastKnownFileType = sourcecode.swift; path = TapInUITests.swift; sourceTree = "<group>"; };
		35E0001F2911EEF3009D284D /* TapInUITestsLaunchTests.swift */ = {isa = PBXFileReference; lastKnownFileType = sourcecode.swift; path = TapInUITestsLaunchTests.swift; sourceTree = "<group>"; };
		35E000382911F382009D284D /* NuclearWasteland.swift */ = {isa = PBXFileReference; lastKnownFileType = sourcecode.swift; path = NuclearWasteland.swift; sourceTree = "<group>"; };
		35E0003F2911F400009D284D /* Color+.swift */ = {isa = PBXFileReference; lastKnownFileType = sourcecode.swift; path = "Color+.swift"; sourceTree = "<group>"; };
		35E000412911F40C009D284D /* Collection+.swift */ = {isa = PBXFileReference; lastKnownFileType = sourcecode.swift; path = "Collection+.swift"; sourceTree = "<group>"; };
		35E000432911F415009D284D /* URL+.swift */ = {isa = PBXFileReference; lastKnownFileType = sourcecode.swift; path = "URL+.swift"; sourceTree = "<group>"; };
		35E000452911F41F009D284D /* String+.swift */ = {isa = PBXFileReference; lastKnownFileType = sourcecode.swift; path = "String+.swift"; sourceTree = "<group>"; };
		35E000482911F43B009D284D /* CustomPersistables.swift */ = {isa = PBXFileReference; lastKnownFileType = sourcecode.swift; path = CustomPersistables.swift; sourceTree = "<group>"; };
		35E0004B2911F44E009D284D /* ViewModifiers.swift */ = {isa = PBXFileReference; lastKnownFileType = sourcecode.swift; path = ViewModifiers.swift; sourceTree = "<group>"; };
		35E0004D2911F46B009D284D /* MenuItem.swift */ = {isa = PBXFileReference; lastKnownFileType = sourcecode.swift; path = MenuItem.swift; sourceTree = "<group>"; };
		35E0004F2911F47D009D284D /* SwiftUIHelpers.swift */ = {isa = PBXFileReference; lastKnownFileType = sourcecode.swift; path = SwiftUIHelpers.swift; sourceTree = "<group>"; };
		35E000512911F493009D284D /* WorkspaceDB.swift */ = {isa = PBXFileReference; lastKnownFileType = sourcecode.swift; path = WorkspaceDB.swift; sourceTree = "<group>"; };
		35E000532911F49F009D284D /* RealmManager.swift */ = {isa = PBXFileReference; lastKnownFileType = sourcecode.swift; path = RealmManager.swift; sourceTree = "<group>"; };
		35E000552911F4AB009D284D /* PomodoroDB.swift */ = {isa = PBXFileReference; lastKnownFileType = sourcecode.swift; path = PomodoroDB.swift; sourceTree = "<group>"; };
		35E000572911F4B6009D284D /* BlockerDB.swift */ = {isa = PBXFileReference; lastKnownFileType = sourcecode.swift; path = BlockerDB.swift; sourceTree = "<group>"; };
		35E000592911F4C6009D284D /* TimeTrackerDB.swift */ = {isa = PBXFileReference; lastKnownFileType = sourcecode.swift; path = TimeTrackerDB.swift; sourceTree = "<group>"; };
		35E0005B2911F4D4009D284D /* LauncherInstanceDB.swift */ = {isa = PBXFileReference; lastKnownFileType = sourcecode.swift; path = LauncherInstanceDB.swift; sourceTree = "<group>"; };
		35E0005D2911F4E5009D284D /* LauncherDB.swift */ = {isa = PBXFileReference; lastKnownFileType = sourcecode.swift; path = LauncherDB.swift; sourceTree = "<group>"; };
		35E0005F2911F4F4009D284D /* SessionDB.swift */ = {isa = PBXFileReference; lastKnownFileType = sourcecode.swift; path = SessionDB.swift; sourceTree = "<group>"; };
		35E000612911F513009D284D /* piano-0.mp3 */ = {isa = PBXFileReference; lastKnownFileType = audio.mp3; path = "piano-0.mp3"; sourceTree = "<group>"; };
		35E000622911F513009D284D /* piano-1.mp3 */ = {isa = PBXFileReference; lastKnownFileType = audio.mp3; path = "piano-1.mp3"; sourceTree = "<group>"; };
		35E000682911F531009D284D /* SidebarVM.swift */ = {isa = PBXFileReference; fileEncoding = 4; lastKnownFileType = sourcecode.swift; path = SidebarVM.swift; sourceTree = "<group>"; };
		35E000692911F531009D284D /* StateManager.swift */ = {isa = PBXFileReference; fileEncoding = 4; lastKnownFileType = sourcecode.swift; path = StateManager.swift; sourceTree = "<group>"; };
		35E0006B2911F531009D284D /* MenuItemNode.swift */ = {isa = PBXFileReference; fileEncoding = 4; lastKnownFileType = sourcecode.swift; path = MenuItemNode.swift; sourceTree = "<group>"; };
		35E0006E2911F531009D284D /* SidebarButtonToWorkspace.swift */ = {isa = PBXFileReference; fileEncoding = 4; lastKnownFileType = sourcecode.swift; path = SidebarButtonToWorkspace.swift; sourceTree = "<group>"; };
		35E0006F2911F531009D284D /* SidebarButtonToPage.swift */ = {isa = PBXFileReference; fileEncoding = 4; lastKnownFileType = sourcecode.swift; path = SidebarButtonToPage.swift; sourceTree = "<group>"; };
		35E000702911F531009D284D /* Sidebar.swift */ = {isa = PBXFileReference; fileEncoding = 4; lastKnownFileType = sourcecode.swift; path = Sidebar.swift; sourceTree = "<group>"; };
		35E000712911F531009D284D /* ContentView.swift */ = {isa = PBXFileReference; fileEncoding = 4; lastKnownFileType = sourcecode.swift; path = ContentView.swift; sourceTree = "<group>"; };
		35E000762911F531009D284D /* WorkspaceTimeTracking.swift */ = {isa = PBXFileReference; fileEncoding = 4; lastKnownFileType = sourcecode.swift; path = WorkspaceTimeTracking.swift; sourceTree = "<group>"; };
		35E000772911F531009D284D /* SettingsView.swift */ = {isa = PBXFileReference; fileEncoding = 4; lastKnownFileType = sourcecode.swift; path = SettingsView.swift; sourceTree = "<group>"; };
		35E000782911F531009D284D /* Settings.swift */ = {isa = PBXFileReference; fileEncoding = 4; lastKnownFileType = sourcecode.swift; path = Settings.swift; sourceTree = "<group>"; };
		35E000792911F531009D284D /* GeneralSettingsView.swift */ = {isa = PBXFileReference; fileEncoding = 4; lastKnownFileType = sourcecode.swift; path = GeneralSettingsView.swift; sourceTree = "<group>"; };
		35E0007A2911F531009D284D /* WorkspaceSettingsView.swift */ = {isa = PBXFileReference; fileEncoding = 4; lastKnownFileType = sourcecode.swift; path = WorkspaceSettingsView.swift; sourceTree = "<group>"; };
		35E0007D2911F531009D284D /* TimeTrackerModel.swift */ = {isa = PBXFileReference; fileEncoding = 4; lastKnownFileType = sourcecode.swift; path = TimeTrackerModel.swift; sourceTree = "<group>"; };
		35E000822911F531009D284D /* LauncherState.swift */ = {isa = PBXFileReference; fileEncoding = 4; lastKnownFileType = sourcecode.swift; path = LauncherState.swift; sourceTree = "<group>"; };
		35E000842911F531009D284D /* LauncherModelExtra.swift */ = {isa = PBXFileReference; fileEncoding = 4; lastKnownFileType = sourcecode.swift; path = LauncherModelExtra.swift; sourceTree = "<group>"; };
		35E000862911F531009D284D /* WorkspaceLauncher.swift */ = {isa = PBXFileReference; fileEncoding = 4; lastKnownFileType = sourcecode.swift; path = WorkspaceLauncher.swift; sourceTree = "<group>"; };
		35E000872911F531009D284D /* SharedLauncherViewComponents.swift */ = {isa = PBXFileReference; fileEncoding = 4; lastKnownFileType = sourcecode.swift; path = SharedLauncherViewComponents.swift; sourceTree = "<group>"; };
		35E000882911F531009D284D /* EmptyLauncherView.swift */ = {isa = PBXFileReference; fileEncoding = 4; lastKnownFileType = sourcecode.swift; path = EmptyLauncherView.swift; sourceTree = "<group>"; };
		35E000892911F531009D284D /* FileLauncherView.swift */ = {isa = PBXFileReference; fileEncoding = 4; lastKnownFileType = sourcecode.swift; path = FileLauncherView.swift; sourceTree = "<group>"; };
		35E0008A2911F531009D284D /* AppLauncherView.swift */ = {isa = PBXFileReference; fileEncoding = 4; lastKnownFileType = sourcecode.swift; path = AppLauncherView.swift; sourceTree = "<group>"; };
		35E0008B2911F531009D284D /* LauncherPopups.swift */ = {isa = PBXFileReference; fileEncoding = 4; lastKnownFileType = sourcecode.swift; path = LauncherPopups.swift; sourceTree = "<group>"; };
		35E0008C2911F531009D284D /* WebsiteLauncherView.swift */ = {isa = PBXFileReference; fileEncoding = 4; lastKnownFileType = sourcecode.swift; path = WebsiteLauncherView.swift; sourceTree = "<group>"; };
		35E0008F2911F531009D284D /* RadioState.swift */ = {isa = PBXFileReference; fileEncoding = 4; lastKnownFileType = sourcecode.swift; path = RadioState.swift; sourceTree = "<group>"; };
		35E000912911F531009D284D /* RadioChannelModel.swift */ = {isa = PBXFileReference; fileEncoding = 4; lastKnownFileType = sourcecode.swift; path = RadioChannelModel.swift; sourceTree = "<group>"; };
		35E000922911F531009D284D /* RadioPlayer.swift */ = {isa = PBXFileReference; fileEncoding = 4; lastKnownFileType = sourcecode.swift; path = RadioPlayer.swift; sourceTree = "<group>"; };
		35E000942911F531009D284D /* RadioView.swift */ = {isa = PBXFileReference; fileEncoding = 4; lastKnownFileType = sourcecode.swift; path = RadioView.swift; sourceTree = "<group>"; };
		35E000972911F531009D284D /* WorkspaceVM.swift */ = {isa = PBXFileReference; fileEncoding = 4; lastKnownFileType = sourcecode.swift; path = WorkspaceVM.swift; sourceTree = "<group>"; };
		35E000992911F531009D284D /* WorkspaceViewModelHolder.swift */ = {isa = PBXFileReference; fileEncoding = 4; lastKnownFileType = sourcecode.swift; path = WorkspaceViewModelHolder.swift; sourceTree = "<group>"; };
		35E0009B2911F531009D284D /* WorkspaceBrowse.swift */ = {isa = PBXFileReference; fileEncoding = 4; lastKnownFileType = sourcecode.swift; path = WorkspaceBrowse.swift; sourceTree = "<group>"; };
		35E0009E2911F531009D284D /* BlockerState.swift */ = {isa = PBXFileReference; fileEncoding = 4; lastKnownFileType = sourcecode.swift; path = BlockerState.swift; sourceTree = "<group>"; };
		35E000A02911F531009D284D /* WorkspaceBlocker.swift */ = {isa = PBXFileReference; fileEncoding = 4; lastKnownFileType = sourcecode.swift; path = WorkspaceBlocker.swift; sourceTree = "<group>"; };
		35E000A62911F531009D284D /* RadioBottomMenuController.swift */ = {isa = PBXFileReference; fileEncoding = 4; lastKnownFileType = sourcecode.swift; path = RadioBottomMenuController.swift; sourceTree = "<group>"; };
		35E000A82911F531009D284D /* WorkspaceTab.swift */ = {isa = PBXFileReference; fileEncoding = 4; lastKnownFileType = sourcecode.swift; path = WorkspaceTab.swift; sourceTree = "<group>"; };
		35E000A92911F531009D284D /* Direction.swift */ = {isa = PBXFileReference; fileEncoding = 4; lastKnownFileType = sourcecode.swift; path = Direction.swift; sourceTree = "<group>"; };
		35E000AB2911F531009D284D /* InactiveBottomMenu.swift */ = {isa = PBXFileReference; fileEncoding = 4; lastKnownFileType = sourcecode.swift; path = InactiveBottomMenu.swift; sourceTree = "<group>"; };
		35E000AC2911F531009D284D /* BottomMenu.swift */ = {isa = PBXFileReference; fileEncoding = 4; lastKnownFileType = sourcecode.swift; path = BottomMenu.swift; sourceTree = "<group>"; };
		35E000AD2911F531009D284D /* ActiveBottomMenu.swift */ = {isa = PBXFileReference; fileEncoding = 4; lastKnownFileType = sourcecode.swift; path = ActiveBottomMenu.swift; sourceTree = "<group>"; };
		35E000B02911F531009D284D /* PomodoroState.swift */ = {isa = PBXFileReference; fileEncoding = 4; lastKnownFileType = sourcecode.swift; path = PomodoroState.swift; sourceTree = "<group>"; };
		35E000B22911F531009D284D /* PomodoroStageState.swift */ = {isa = PBXFileReference; fileEncoding = 4; lastKnownFileType = sourcecode.swift; path = PomodoroStageState.swift; sourceTree = "<group>"; };
		35E000B32911F531009D284D /* TimerMode.swift */ = {isa = PBXFileReference; fileEncoding = 4; lastKnownFileType = sourcecode.swift; path = TimerMode.swift; sourceTree = "<group>"; };
		35E000B42911F531009D284D /* PomodoroTimerState.swift */ = {isa = PBXFileReference; fileEncoding = 4; lastKnownFileType = sourcecode.swift; path = PomodoroTimerState.swift; sourceTree = "<group>"; };
		35E000B52911F531009D284D /* PomodoroStage.swift */ = {isa = PBXFileReference; fileEncoding = 4; lastKnownFileType = sourcecode.swift; path = PomodoroStage.swift; sourceTree = "<group>"; };
		35E000B62911F531009D284D /* PomodoroTicker.swift */ = {isa = PBXFileReference; fileEncoding = 4; lastKnownFileType = sourcecode.swift; path = PomodoroTicker.swift; sourceTree = "<group>"; };
		35E000B82911F531009D284D /* WorkspacePomodoro.swift */ = {isa = PBXFileReference; fileEncoding = 4; lastKnownFileType = sourcecode.swift; path = WorkspacePomodoro.swift; sourceTree = "<group>"; };
		35E0FFFE2911EEF2009D284D /* TapIn.app */ = {isa = PBXFileReference; explicitFileType = wrapper.application; includeInIndex = 0; path = TapIn.app; sourceTree = BUILT_PRODUCTS_DIR; };
/* End PBXFileReference section */

/* Begin PBXFrameworksBuildPhase section */
		35E0000C2911EEF3009D284D /* Frameworks */ = {
			isa = PBXFrameworksBuildPhase;
			buildActionMask = 2147483647;
			files = (
			);
			runOnlyForDeploymentPostprocessing = 0;
		};
		35E000162911EEF3009D284D /* Frameworks */ = {
			isa = PBXFrameworksBuildPhase;
			buildActionMask = 2147483647;
			files = (
			);
			runOnlyForDeploymentPostprocessing = 0;
		};
		35E0FFFB2911EEF2009D284D /* Frameworks */ = {
			isa = PBXFrameworksBuildPhase;
			buildActionMask = 2147483647;
			files = (
				3505D2482911FBA9008B7274 /* RealmSwift in Frameworks */,
				3505D2462911FBA9008B7274 /* Realm in Frameworks */,
			);
			runOnlyForDeploymentPostprocessing = 0;
		};
/* End PBXFrameworksBuildPhase section */

/* Begin PBXGroup section */
		35AD05F72912EB6D00837016 /* Notes */ = {
			isa = PBXGroup;
			children = (
			);
			path = Notes;
			sourceTree = "<group>";
		};
		35E000002911EEF2009D284D /* TapIn */ = {
			isa = PBXGroup;
			children = (
				35E000652911F531009D284D /* Scenes */,
				35E000072911EEF3009D284D /* Preview Content */,
				35E000312911EF0E009D284D /* Recursos */,
				35E0002F2911EF08009D284D /* Persistence */,
				35E0002E2911EF05009D284D /* Helpers */,
				35E0002D2911EF02009D284D /* Extensions */,
				35E000012911EEF2009D284D /* TapInApp.swift */,
				35E000052911EEF3009D284D /* Assets.xcassets */,
				35E0000A2911EEF3009D284D /* TapIn.entitlements */,
				35E000382911F382009D284D /* NuclearWasteland.swift */,
			);
			path = TapIn;
			sourceTree = "<group>";
		};
		35E000072911EEF3009D284D /* Preview Content */ = {
			isa = PBXGroup;
			children = (
				35E000082911EEF3009D284D /* Preview Assets.xcassets */,
			);
			path = "Preview Content";
			sourceTree = "<group>";
		};
		35E000122911EEF3009D284D /* TapInTests */ = {
			isa = PBXGroup;
			children = (
				35E000132911EEF3009D284D /* TapInTests.swift */,
			);
			path = TapInTests;
			sourceTree = "<group>";
		};
		35E0001C2911EEF3009D284D /* TapInUITests */ = {
			isa = PBXGroup;
			children = (
				35E0001D2911EEF3009D284D /* TapInUITests.swift */,
				35E0001F2911EEF3009D284D /* TapInUITestsLaunchTests.swift */,
			);
			path = TapInUITests;
			sourceTree = "<group>";
		};
		35E0002D2911EF02009D284D /* Extensions */ = {
			isa = PBXGroup;
			children = (
				35E0004A2911F446009D284D /* SwiftUI */,
				35E000472911F434009D284D /* Realm */,
				35E0003F2911F400009D284D /* Color+.swift */,
				35E000412911F40C009D284D /* Collection+.swift */,
				35E000432911F415009D284D /* URL+.swift */,
				35E000452911F41F009D284D /* String+.swift */,
			);
			path = Extensions;
			sourceTree = "<group>";
		};
		35E0002E2911EF05009D284D /* Helpers */ = {
			isa = PBXGroup;
			children = (
				35E0004D2911F46B009D284D /* MenuItem.swift */,
				35E0004F2911F47D009D284D /* SwiftUIHelpers.swift */,
			);
			path = Helpers;
			sourceTree = "<group>";
		};
		35E0002F2911EF08009D284D /* Persistence */ = {
			isa = PBXGroup;
			children = (
				35E000532911F49F009D284D /* RealmManager.swift */,
				35E000552911F4AB009D284D /* PomodoroDB.swift */,
				35E000512911F493009D284D /* WorkspaceDB.swift */,
				35E000572911F4B6009D284D /* BlockerDB.swift */,
				35E000592911F4C6009D284D /* TimeTrackerDB.swift */,
				35E0005B2911F4D4009D284D /* LauncherInstanceDB.swift */,
				35E0005D2911F4E5009D284D /* LauncherDB.swift */,
				35E0005F2911F4F4009D284D /* SessionDB.swift */,
			);
			path = Persistence;
			sourceTree = "<group>";
		};
		35E000312911EF0E009D284D /* Recursos */ = {
			isa = PBXGroup;
			children = (
				35E000612911F513009D284D /* piano-0.mp3 */,
				35E000622911F513009D284D /* piano-1.mp3 */,
			);
			path = Recursos;
			sourceTree = "<group>";
		};
		35E000472911F434009D284D /* Realm */ = {
			isa = PBXGroup;
			children = (
				35E000482911F43B009D284D /* CustomPersistables.swift */,
			);
			path = Realm;
			sourceTree = "<group>";
		};
		35E0004A2911F446009D284D /* SwiftUI */ = {
			isa = PBXGroup;
			children = (
				35E0004B2911F44E009D284D /* ViewModifiers.swift */,
			);
			path = SwiftUI;
			sourceTree = "<group>";
		};
		35E000652911F531009D284D /* Scenes */ = {
			isa = PBXGroup;
			children = (
				35AD05F72912EB6D00837016 /* Notes */,
				35E000662911F531009D284D /* Sidebar */,
				35E000722911F531009D284D /* Preferences */,
				35E0007B2911F531009D284D /* TimeTracker */,
				35E000802911F531009D284D /* Launcher */,
				35E0008D2911F531009D284D /* Radio */,
				35E000952911F531009D284D /* Workspace */,
				35E0009C2911F531009D284D /* Blocker */,
				35E000A12911F531009D284D /* BottomMenu */,
				35E000AE2911F531009D284D /* Pomodoro */,
			);
			path = Scenes;
			sourceTree = "<group>";
		};
		35E000662911F531009D284D /* Sidebar */ = {
			isa = PBXGroup;
			children = (
				35E000672911F531009D284D /* ViewModels */,
				35E0006A2911F531009D284D /* Models */,
				35E0006C2911F531009D284D /* Views */,
			);
			path = Sidebar;
			sourceTree = "<group>";
		};
		35E000672911F531009D284D /* ViewModels */ = {
			isa = PBXGroup;
			children = (
				35E000682911F531009D284D /* SidebarVM.swift */,
				35E000692911F531009D284D /* StateManager.swift */,
			);
			path = ViewModels;
			sourceTree = "<group>";
		};
		35E0006A2911F531009D284D /* Models */ = {
			isa = PBXGroup;
			children = (
				35E0006B2911F531009D284D /* MenuItemNode.swift */,
			);
			path = Models;
			sourceTree = "<group>";
		};
		35E0006C2911F531009D284D /* Views */ = {
			isa = PBXGroup;
			children = (
				35E0006E2911F531009D284D /* SidebarButtonToWorkspace.swift */,
				35E0006F2911F531009D284D /* SidebarButtonToPage.swift */,
				35E000702911F531009D284D /* Sidebar.swift */,
				35E000712911F531009D284D /* ContentView.swift */,
			);
			path = Views;
			sourceTree = "<group>";
		};
		35E000722911F531009D284D /* Preferences */ = {
			isa = PBXGroup;
			children = (
				35E000732911F531009D284D /* ViewModels */,
				35E000742911F531009D284D /* Models */,
				35E000752911F531009D284D /* Views */,
			);
			path = Preferences;
			sourceTree = "<group>";
		};
		35E000732911F531009D284D /* ViewModels */ = {
			isa = PBXGroup;
			children = (
			);
			path = ViewModels;
			sourceTree = "<group>";
		};
		35E000742911F531009D284D /* Models */ = {
			isa = PBXGroup;
			children = (
			);
			path = Models;
			sourceTree = "<group>";
		};
		35E000752911F531009D284D /* Views */ = {
			isa = PBXGroup;
			children = (
				35E000762911F531009D284D /* WorkspaceTimeTracking.swift */,
				35E000772911F531009D284D /* SettingsView.swift */,
				35E000782911F531009D284D /* Settings.swift */,
				35E000792911F531009D284D /* GeneralSettingsView.swift */,
				35E0007A2911F531009D284D /* WorkspaceSettingsView.swift */,
			);
			path = Views;
			sourceTree = "<group>";
		};
		35E0007B2911F531009D284D /* TimeTracker */ = {
			isa = PBXGroup;
			children = (
				35E0007C2911F531009D284D /* ViewModels */,
				35E0007E2911F531009D284D /* Models */,
				35E0007F2911F531009D284D /* Views */,
			);
			path = TimeTracker;
			sourceTree = "<group>";
		};
		35E0007C2911F531009D284D /* ViewModels */ = {
			isa = PBXGroup;
			children = (
				35E0007D2911F531009D284D /* TimeTrackerModel.swift */,
			);
			path = ViewModels;
			sourceTree = "<group>";
		};
		35E0007E2911F531009D284D /* Models */ = {
			isa = PBXGroup;
			children = (
			);
			path = Models;
			sourceTree = "<group>";
		};
		35E0007F2911F531009D284D /* Views */ = {
			isa = PBXGroup;
			children = (
			);
			path = Views;
			sourceTree = "<group>";
		};
		35E000802911F531009D284D /* Launcher */ = {
			isa = PBXGroup;
			children = (
				35E000812911F531009D284D /* ViewModels */,
				35E000832911F531009D284D /* Models */,
				35E000852911F531009D284D /* Views */,
			);
			path = Launcher;
			sourceTree = "<group>";
		};
		35E000812911F531009D284D /* ViewModels */ = {
			isa = PBXGroup;
			children = (
				35E000822911F531009D284D /* LauncherState.swift */,
			);
			path = ViewModels;
			sourceTree = "<group>";
		};
		35E000832911F531009D284D /* Models */ = {
			isa = PBXGroup;
			children = (
				35E000842911F531009D284D /* LauncherModelExtra.swift */,
			);
			path = Models;
			sourceTree = "<group>";
		};
		35E000852911F531009D284D /* Views */ = {
			isa = PBXGroup;
			children = (
				35E000862911F531009D284D /* WorkspaceLauncher.swift */,
				35E000872911F531009D284D /* SharedLauncherViewComponents.swift */,
				35E000882911F531009D284D /* EmptyLauncherView.swift */,
				35E000892911F531009D284D /* FileLauncherView.swift */,
				35E0008A2911F531009D284D /* AppLauncherView.swift */,
				35E0008B2911F531009D284D /* LauncherPopups.swift */,
				35E0008C2911F531009D284D /* WebsiteLauncherView.swift */,
			);
			path = Views;
			sourceTree = "<group>";
		};
		35E0008D2911F531009D284D /* Radio */ = {
			isa = PBXGroup;
			children = (
				35E0008E2911F531009D284D /* ViewModels */,
				35E000902911F531009D284D /* Models */,
				35E000932911F531009D284D /* Views */,
			);
			path = Radio;
			sourceTree = "<group>";
		};
		35E0008E2911F531009D284D /* ViewModels */ = {
			isa = PBXGroup;
			children = (
				35E0008F2911F531009D284D /* RadioState.swift */,
			);
			path = ViewModels;
			sourceTree = "<group>";
		};
		35E000902911F531009D284D /* Models */ = {
			isa = PBXGroup;
			children = (
				35E000912911F531009D284D /* RadioChannelModel.swift */,
				35E000922911F531009D284D /* RadioPlayer.swift */,
			);
			path = Models;
			sourceTree = "<group>";
		};
		35E000932911F531009D284D /* Views */ = {
			isa = PBXGroup;
			children = (
				35E000942911F531009D284D /* RadioView.swift */,
			);
			path = Views;
			sourceTree = "<group>";
		};
		35E000952911F531009D284D /* Workspace */ = {
			isa = PBXGroup;
			children = (
				35E000962911F531009D284D /* ViewModels */,
				35E000982911F531009D284D /* Models */,
				35E0009A2911F531009D284D /* Views */,
			);
			path = Workspace;
			sourceTree = "<group>";
		};
		35E000962911F531009D284D /* ViewModels */ = {
			isa = PBXGroup;
			children = (
				35E000972911F531009D284D /* WorkspaceVM.swift */,
			);
			path = ViewModels;
			sourceTree = "<group>";
		};
		35E000982911F531009D284D /* Models */ = {
			isa = PBXGroup;
			children = (
				35E000992911F531009D284D /* WorkspaceViewModelHolder.swift */,
			);
			path = Models;
			sourceTree = "<group>";
		};
		35E0009A2911F531009D284D /* Views */ = {
			isa = PBXGroup;
			children = (
				35E0009B2911F531009D284D /* WorkspaceBrowse.swift */,
			);
			path = Views;
			sourceTree = "<group>";
		};
		35E0009C2911F531009D284D /* Blocker */ = {
			isa = PBXGroup;
			children = (
				35E0009D2911F531009D284D /* ViewModels */,
				35E0009F2911F531009D284D /* Views */,
			);
			path = Blocker;
			sourceTree = "<group>";
		};
		35E0009D2911F531009D284D /* ViewModels */ = {
			isa = PBXGroup;
			children = (
				35E0009E2911F531009D284D /* BlockerState.swift */,
			);
			path = ViewModels;
			sourceTree = "<group>";
		};
		35E0009F2911F531009D284D /* Views */ = {
			isa = PBXGroup;
			children = (
				35E000A02911F531009D284D /* WorkspaceBlocker.swift */,
			);
			path = Views;
			sourceTree = "<group>";
		};
		35E000A12911F531009D284D /* BottomMenu */ = {
			isa = PBXGroup;
			children = (
				35E000A22911F531009D284D /* ViewModels */,
				35E000A32911F531009D284D /* Scenes */,
				35E000A72911F531009D284D /* Models */,
				35E000AA2911F531009D284D /* Views */,
			);
			path = BottomMenu;
			sourceTree = "<group>";
		};
		35E000A22911F531009D284D /* ViewModels */ = {
			isa = PBXGroup;
			children = (
			);
			path = ViewModels;
			sourceTree = "<group>";
		};
		35E000A32911F531009D284D /* Scenes */ = {
			isa = PBXGroup;
			children = (
				35E000A42911F531009D284D /* MusicPlayer */,
			);
			path = Scenes;
			sourceTree = "<group>";
		};
		35E000A42911F531009D284D /* MusicPlayer */ = {
			isa = PBXGroup;
			children = (
				35E000A52911F531009D284D /* Views */,
			);
			path = MusicPlayer;
			sourceTree = "<group>";
		};
		35E000A52911F531009D284D /* Views */ = {
			isa = PBXGroup;
			children = (
				35E000A62911F531009D284D /* RadioBottomMenuController.swift */,
			);
			path = Views;
			sourceTree = "<group>";
		};
		35E000A72911F531009D284D /* Models */ = {
			isa = PBXGroup;
			children = (
				35E000A82911F531009D284D /* WorkspaceTab.swift */,
				35E000A92911F531009D284D /* Direction.swift */,
			);
			path = Models;
			sourceTree = "<group>";
		};
		35E000AA2911F531009D284D /* Views */ = {
			isa = PBXGroup;
			children = (
				35E000AB2911F531009D284D /* InactiveBottomMenu.swift */,
				35E000AC2911F531009D284D /* BottomMenu.swift */,
				35E000AD2911F531009D284D /* ActiveBottomMenu.swift */,
			);
			path = Views;
			sourceTree = "<group>";
		};
		35E000AE2911F531009D284D /* Pomodoro */ = {
			isa = PBXGroup;
			children = (
				35E000AF2911F531009D284D /* ViewModels */,
				35E000B12911F531009D284D /* Models */,
				35E000B72911F531009D284D /* Views */,
			);
			path = Pomodoro;
			sourceTree = "<group>";
		};
		35E000AF2911F531009D284D /* ViewModels */ = {
			isa = PBXGroup;
			children = (
				35E000B02911F531009D284D /* PomodoroState.swift */,
			);
			path = ViewModels;
			sourceTree = "<group>";
		};
		35E000B12911F531009D284D /* Models */ = {
			isa = PBXGroup;
			children = (
				35E000B22911F531009D284D /* PomodoroStageState.swift */,
				35E000B32911F531009D284D /* TimerMode.swift */,
				35E000B42911F531009D284D /* PomodoroTimerState.swift */,
				35E000B52911F531009D284D /* PomodoroStage.swift */,
				35E000B62911F531009D284D /* PomodoroTicker.swift */,
			);
			path = Models;
			sourceTree = "<group>";
		};
		35E000B72911F531009D284D /* Views */ = {
			isa = PBXGroup;
			children = (
				35E000B82911F531009D284D /* WorkspacePomodoro.swift */,
			);
			path = Views;
			sourceTree = "<group>";
		};
		35E0FFF52911EEF2009D284D = {
			isa = PBXGroup;
			children = (
				35E000002911EEF2009D284D /* TapIn */,
				35E000122911EEF3009D284D /* TapInTests */,
				35E0001C2911EEF3009D284D /* TapInUITests */,
				35E0FFFF2911EEF2009D284D /* Products */,
			);
			sourceTree = "<group>";
		};
		35E0FFFF2911EEF2009D284D /* Products */ = {
			isa = PBXGroup;
			children = (
				35E0FFFE2911EEF2009D284D /* TapIn.app */,
				35E0000F2911EEF3009D284D /* TapInTests.xctest */,
				35E000192911EEF3009D284D /* TapInUITests.xctest */,
			);
			name = Products;
			sourceTree = "<group>";
		};
/* End PBXGroup section */

/* Begin PBXNativeTarget section */
		35E0000E2911EEF3009D284D /* TapInTests */ = {
			isa = PBXNativeTarget;
			buildConfigurationList = 35E000262911EEF3009D284D /* Build configuration list for PBXNativeTarget "TapInTests" */;
			buildPhases = (
				35E0000B2911EEF3009D284D /* Sources */,
				35E0000C2911EEF3009D284D /* Frameworks */,
				35E0000D2911EEF3009D284D /* Resources */,
			);
			buildRules = (
			);
			dependencies = (
				35E000112911EEF3009D284D /* PBXTargetDependency */,
			);
			name = TapInTests;
			productName = TapInTests;
			productReference = 35E0000F2911EEF3009D284D /* TapInTests.xctest */;
			productType = "com.apple.product-type.bundle.unit-test";
		};
		35E000182911EEF3009D284D /* TapInUITests */ = {
			isa = PBXNativeTarget;
			buildConfigurationList = 35E000292911EEF3009D284D /* Build configuration list for PBXNativeTarget "TapInUITests" */;
			buildPhases = (
				35E000152911EEF3009D284D /* Sources */,
				35E000162911EEF3009D284D /* Frameworks */,
				35E000172911EEF3009D284D /* Resources */,
			);
			buildRules = (
			);
			dependencies = (
				35E0001B2911EEF3009D284D /* PBXTargetDependency */,
			);
			name = TapInUITests;
			productName = TapInUITests;
			productReference = 35E000192911EEF3009D284D /* TapInUITests.xctest */;
			productType = "com.apple.product-type.bundle.ui-testing";
		};
		35E0FFFD2911EEF2009D284D /* TapIn */ = {
			isa = PBXNativeTarget;
			buildConfigurationList = 35E000232911EEF3009D284D /* Build configuration list for PBXNativeTarget "TapIn" */;
			buildPhases = (
				35E0FFFA2911EEF2009D284D /* Sources */,
				35E0FFFB2911EEF2009D284D /* Frameworks */,
				35E0FFFC2911EEF2009D284D /* Resources */,
			);
			buildRules = (
			);
			dependencies = (
			);
			name = TapIn;
			packageProductDependencies = (
				3505D2452911FBA9008B7274 /* Realm */,
				3505D2472911FBA9008B7274 /* RealmSwift */,
			);
			productName = TapIn;
			productReference = 35E0FFFE2911EEF2009D284D /* TapIn.app */;
			productType = "com.apple.product-type.application";
		};
/* End PBXNativeTarget section */

/* Begin PBXProject section */
		35E0FFF62911EEF2009D284D /* Project object */ = {
			isa = PBXProject;
			attributes = {
				BuildIndependentTargetsInParallel = 1;
				LastSwiftUpdateCheck = 1410;
				LastUpgradeCheck = 1410;
				TargetAttributes = {
					35E0000E2911EEF3009D284D = {
						CreatedOnToolsVersion = 14.1;
						TestTargetID = 35E0FFFD2911EEF2009D284D;
					};
					35E000182911EEF3009D284D = {
						CreatedOnToolsVersion = 14.1;
						TestTargetID = 35E0FFFD2911EEF2009D284D;
					};
					35E0FFFD2911EEF2009D284D = {
						CreatedOnToolsVersion = 14.1;
					};
				};
			};
			buildConfigurationList = 35E0FFF92911EEF2009D284D /* Build configuration list for PBXProject "TapIn" */;
			compatibilityVersion = "Xcode 14.0";
			developmentRegion = en;
			hasScannedForEncodings = 0;
			knownRegions = (
				en,
				Base,
			);
			mainGroup = 35E0FFF52911EEF2009D284D;
			packageReferences = (
				3505D2442911FBA9008B7274 /* XCRemoteSwiftPackageReference "realm-swift" */,
			);
			productRefGroup = 35E0FFFF2911EEF2009D284D /* Products */;
			projectDirPath = "";
			projectRoot = "";
			targets = (
				35E0FFFD2911EEF2009D284D /* TapIn */,
				35E0000E2911EEF3009D284D /* TapInTests */,
				35E000182911EEF3009D284D /* TapInUITests */,
			);
		};
/* End PBXProject section */

/* Begin PBXResourcesBuildPhase section */
		35E0000D2911EEF3009D284D /* Resources */ = {
			isa = PBXResourcesBuildPhase;
			buildActionMask = 2147483647;
			files = (
			);
			runOnlyForDeploymentPostprocessing = 0;
		};
		35E000172911EEF3009D284D /* Resources */ = {
			isa = PBXResourcesBuildPhase;
			buildActionMask = 2147483647;
			files = (
			);
			runOnlyForDeploymentPostprocessing = 0;
		};
		35E0FFFC2911EEF2009D284D /* Resources */ = {
			isa = PBXResourcesBuildPhase;
			buildActionMask = 2147483647;
			files = (
				35E000632911F513009D284D /* piano-0.mp3 in Resources */,
				35E000092911EEF3009D284D /* Preview Assets.xcassets in Resources */,
				35E000642911F513009D284D /* piano-1.mp3 in Resources */,
				35E000062911EEF3009D284D /* Assets.xcassets in Resources */,
			);
			runOnlyForDeploymentPostprocessing = 0;
		};
/* End PBXResourcesBuildPhase section */

/* Begin PBXSourcesBuildPhase section */
		35E0000B2911EEF3009D284D /* Sources */ = {
			isa = PBXSourcesBuildPhase;
			buildActionMask = 2147483647;
			files = (
				35E000142911EEF3009D284D /* TapInTests.swift in Sources */,
			);
			runOnlyForDeploymentPostprocessing = 0;
		};
		35E000152911EEF3009D284D /* Sources */ = {
			isa = PBXSourcesBuildPhase;
			buildActionMask = 2147483647;
			files = (
				35E0001E2911EEF3009D284D /* TapInUITests.swift in Sources */,
				35E000202911EEF3009D284D /* TapInUITestsLaunchTests.swift in Sources */,
			);
			runOnlyForDeploymentPostprocessing = 0;
		};
		35E0FFFA2911EEF2009D284D /* Sources */ = {
			isa = PBXSourcesBuildPhase;
			buildActionMask = 2147483647;
			files = (
				35E000C32911F531009D284D /* Settings.swift in Sources */,
				35E000E12911F531009D284D /* TimerMode.swift in Sources */,
				35E000D62911F531009D284D /* WorkspaceBrowse.swift in Sources */,
				35E000D82911F531009D284D /* WorkspaceBlocker.swift in Sources */,
				35E0005E2911F4E5009D284D /* LauncherDB.swift in Sources */,
				35E0005C2911F4D4009D284D /* LauncherInstanceDB.swift in Sources */,
				35E000CA2911F531009D284D /* SharedLauncherViewComponents.swift in Sources */,
				35E000CC2911F531009D284D /* FileLauncherView.swift in Sources */,
				35E000DD2911F531009D284D /* BottomMenu.swift in Sources */,
				35E000C92911F531009D284D /* WorkspaceLauncher.swift in Sources */,
				35E000BE2911F531009D284D /* SidebarButtonToPage.swift in Sources */,
				35E000B92911F531009D284D /* SidebarVM.swift in Sources */,
				35E000CE2911F531009D284D /* LauncherPopups.swift in Sources */,
				35E000DA2911F531009D284D /* WorkspaceTab.swift in Sources */,
				35E000D52911F531009D284D /* WorkspaceViewModelHolder.swift in Sources */,
				35E000602911F4F4009D284D /* SessionDB.swift in Sources */,
				35E000442911F415009D284D /* URL+.swift in Sources */,
				35E000392911F382009D284D /* NuclearWasteland.swift in Sources */,
				35E000E32911F531009D284D /* PomodoroStage.swift in Sources */,
				35E000D42911F531009D284D /* WorkspaceVM.swift in Sources */,
				35E000DF2911F531009D284D /* PomodoroState.swift in Sources */,
				35E000D72911F531009D284D /* BlockerState.swift in Sources */,
				35E000C12911F531009D284D /* WorkspaceTimeTracking.swift in Sources */,
				35E000402911F400009D284D /* Color+.swift in Sources */,
				35E000BD2911F531009D284D /* SidebarButtonToWorkspace.swift in Sources */,
				35E000502911F47D009D284D /* SwiftUIHelpers.swift in Sources */,
				35E000DE2911F531009D284D /* ActiveBottomMenu.swift in Sources */,
				35E000DC2911F531009D284D /* InactiveBottomMenu.swift in Sources */,
				35E000C02911F531009D284D /* ContentView.swift in Sources */,
				35E000BB2911F531009D284D /* MenuItemNode.swift in Sources */,
				35E0004C2911F44E009D284D /* ViewModifiers.swift in Sources */,
				35E000542911F49F009D284D /* RealmManager.swift in Sources */,
				35E000022911EEF2009D284D /* TapInApp.swift in Sources */,
				35E000E22911F531009D284D /* PomodoroTimerState.swift in Sources */,
				35E000492911F43B009D284D /* CustomPersistables.swift in Sources */,
				35E000CB2911F531009D284D /* EmptyLauncherView.swift in Sources */,
				35E000D02911F531009D284D /* RadioState.swift in Sources */,
				35E000D32911F531009D284D /* RadioView.swift in Sources */,
				35E000BF2911F531009D284D /* Sidebar.swift in Sources */,
				35E000582911F4B6009D284D /* BlockerDB.swift in Sources */,
				35E000D12911F531009D284D /* RadioChannelModel.swift in Sources */,
				35E000E42911F531009D284D /* PomodoroTicker.swift in Sources */,
				35E000D22911F531009D284D /* RadioPlayer.swift in Sources */,
				35E000BA2911F531009D284D /* StateManager.swift in Sources */,
				35E000CF2911F531009D284D /* WebsiteLauncherView.swift in Sources */,
				35E000C82911F531009D284D /* LauncherModelExtra.swift in Sources */,
				35E000E02911F531009D284D /* PomodoroStageState.swift in Sources */,
				35E000C22911F531009D284D /* SettingsView.swift in Sources */,
				35E000C52911F531009D284D /* WorkspaceSettingsView.swift in Sources */,
				35E000E52911F531009D284D /* WorkspacePomodoro.swift in Sources */,
				35E000C72911F531009D284D /* LauncherState.swift in Sources */,
				35E000D92911F531009D284D /* RadioBottomMenuController.swift in Sources */,
				35E000CD2911F531009D284D /* AppLauncherView.swift in Sources */,
				35E000DB2911F531009D284D /* Direction.swift in Sources */,
				35E0004E2911F46B009D284D /* MenuItem.swift in Sources */,
				35E000522911F493009D284D /* WorkspaceDB.swift in Sources */,
				35E000462911F41F009D284D /* String+.swift in Sources */,
				35E000C42911F531009D284D /* GeneralSettingsView.swift in Sources */,
				35E000562911F4AB009D284D /* PomodoroDB.swift in Sources */,
				35E000C62911F531009D284D /* TimeTrackerModel.swift in Sources */,
				35E000422911F40C009D284D /* Collection+.swift in Sources */,
				35E0005A2911F4C6009D284D /* TimeTrackerDB.swift in Sources */,
			);
			runOnlyForDeploymentPostprocessing = 0;
		};
/* End PBXSourcesBuildPhase section */

/* Begin PBXTargetDependency section */
		35E000112911EEF3009D284D /* PBXTargetDependency */ = {
			isa = PBXTargetDependency;
			target = 35E0FFFD2911EEF2009D284D /* TapIn */;
			targetProxy = 35E000102911EEF3009D284D /* PBXContainerItemProxy */;
		};
		35E0001B2911EEF3009D284D /* PBXTargetDependency */ = {
			isa = PBXTargetDependency;
			target = 35E0FFFD2911EEF2009D284D /* TapIn */;
			targetProxy = 35E0001A2911EEF3009D284D /* PBXContainerItemProxy */;
		};
/* End PBXTargetDependency section */

/* Begin XCBuildConfiguration section */
		35E000212911EEF3009D284D /* Debug */ = {
			isa = XCBuildConfiguration;
			buildSettings = {
				ALWAYS_SEARCH_USER_PATHS = NO;
				CLANG_ANALYZER_NONNULL = YES;
				CLANG_ANALYZER_NUMBER_OBJECT_CONVERSION = YES_AGGRESSIVE;
				CLANG_CXX_LANGUAGE_STANDARD = "gnu++20";
				CLANG_ENABLE_MODULES = YES;
				CLANG_ENABLE_OBJC_ARC = YES;
				CLANG_ENABLE_OBJC_WEAK = YES;
				CLANG_WARN_BLOCK_CAPTURE_AUTORELEASING = YES;
				CLANG_WARN_BOOL_CONVERSION = YES;
				CLANG_WARN_COMMA = YES;
				CLANG_WARN_CONSTANT_CONVERSION = YES;
				CLANG_WARN_DEPRECATED_OBJC_IMPLEMENTATIONS = YES;
				CLANG_WARN_DIRECT_OBJC_ISA_USAGE = YES_ERROR;
				CLANG_WARN_DOCUMENTATION_COMMENTS = YES;
				CLANG_WARN_EMPTY_BODY = YES;
				CLANG_WARN_ENUM_CONVERSION = YES;
				CLANG_WARN_INFINITE_RECURSION = YES;
				CLANG_WARN_INT_CONVERSION = YES;
				CLANG_WARN_NON_LITERAL_NULL_CONVERSION = YES;
				CLANG_WARN_OBJC_IMPLICIT_RETAIN_SELF = YES;
				CLANG_WARN_OBJC_LITERAL_CONVERSION = YES;
				CLANG_WARN_OBJC_ROOT_CLASS = YES_ERROR;
				CLANG_WARN_QUOTED_INCLUDE_IN_FRAMEWORK_HEADER = YES;
				CLANG_WARN_RANGE_LOOP_ANALYSIS = YES;
				CLANG_WARN_STRICT_PROTOTYPES = YES;
				CLANG_WARN_SUSPICIOUS_MOVE = YES;
				CLANG_WARN_UNGUARDED_AVAILABILITY = YES_AGGRESSIVE;
				CLANG_WARN_UNREACHABLE_CODE = YES;
				CLANG_WARN__DUPLICATE_METHOD_MATCH = YES;
				COPY_PHASE_STRIP = NO;
				DEBUG_INFORMATION_FORMAT = dwarf;
				ENABLE_STRICT_OBJC_MSGSEND = YES;
				ENABLE_TESTABILITY = YES;
				GCC_C_LANGUAGE_STANDARD = gnu11;
				GCC_DYNAMIC_NO_PIC = NO;
				GCC_NO_COMMON_BLOCKS = YES;
				GCC_OPTIMIZATION_LEVEL = 0;
				GCC_PREPROCESSOR_DEFINITIONS = (
					"DEBUG=1",
					"$(inherited)",
				);
				GCC_WARN_64_TO_32_BIT_CONVERSION = YES;
				GCC_WARN_ABOUT_RETURN_TYPE = YES_ERROR;
				GCC_WARN_UNDECLARED_SELECTOR = YES;
				GCC_WARN_UNINITIALIZED_AUTOS = YES_AGGRESSIVE;
				GCC_WARN_UNUSED_FUNCTION = YES;
				GCC_WARN_UNUSED_VARIABLE = YES;
				MACOSX_DEPLOYMENT_TARGET = 13.0;
				MTL_ENABLE_DEBUG_INFO = INCLUDE_SOURCE;
				MTL_FAST_MATH = YES;
				ONLY_ACTIVE_ARCH = YES;
				SDKROOT = macosx;
				SWIFT_ACTIVE_COMPILATION_CONDITIONS = DEBUG;
				SWIFT_OPTIMIZATION_LEVEL = "-Onone";
			};
			name = Debug;
		};
		35E000222911EEF3009D284D /* Release */ = {
			isa = XCBuildConfiguration;
			buildSettings = {
				ALWAYS_SEARCH_USER_PATHS = NO;
				CLANG_ANALYZER_NONNULL = YES;
				CLANG_ANALYZER_NUMBER_OBJECT_CONVERSION = YES_AGGRESSIVE;
				CLANG_CXX_LANGUAGE_STANDARD = "gnu++20";
				CLANG_ENABLE_MODULES = YES;
				CLANG_ENABLE_OBJC_ARC = YES;
				CLANG_ENABLE_OBJC_WEAK = YES;
				CLANG_WARN_BLOCK_CAPTURE_AUTORELEASING = YES;
				CLANG_WARN_BOOL_CONVERSION = YES;
				CLANG_WARN_COMMA = YES;
				CLANG_WARN_CONSTANT_CONVERSION = YES;
				CLANG_WARN_DEPRECATED_OBJC_IMPLEMENTATIONS = YES;
				CLANG_WARN_DIRECT_OBJC_ISA_USAGE = YES_ERROR;
				CLANG_WARN_DOCUMENTATION_COMMENTS = YES;
				CLANG_WARN_EMPTY_BODY = YES;
				CLANG_WARN_ENUM_CONVERSION = YES;
				CLANG_WARN_INFINITE_RECURSION = YES;
				CLANG_WARN_INT_CONVERSION = YES;
				CLANG_WARN_NON_LITERAL_NULL_CONVERSION = YES;
				CLANG_WARN_OBJC_IMPLICIT_RETAIN_SELF = YES;
				CLANG_WARN_OBJC_LITERAL_CONVERSION = YES;
				CLANG_WARN_OBJC_ROOT_CLASS = YES_ERROR;
				CLANG_WARN_QUOTED_INCLUDE_IN_FRAMEWORK_HEADER = YES;
				CLANG_WARN_RANGE_LOOP_ANALYSIS = YES;
				CLANG_WARN_STRICT_PROTOTYPES = YES;
				CLANG_WARN_SUSPICIOUS_MOVE = YES;
				CLANG_WARN_UNGUARDED_AVAILABILITY = YES_AGGRESSIVE;
				CLANG_WARN_UNREACHABLE_CODE = YES;
				CLANG_WARN__DUPLICATE_METHOD_MATCH = YES;
				COPY_PHASE_STRIP = NO;
				DEBUG_INFORMATION_FORMAT = "dwarf-with-dsym";
				ENABLE_NS_ASSERTIONS = NO;
				ENABLE_STRICT_OBJC_MSGSEND = YES;
				GCC_C_LANGUAGE_STANDARD = gnu11;
				GCC_NO_COMMON_BLOCKS = YES;
				GCC_WARN_64_TO_32_BIT_CONVERSION = YES;
				GCC_WARN_ABOUT_RETURN_TYPE = YES_ERROR;
				GCC_WARN_UNDECLARED_SELECTOR = YES;
				GCC_WARN_UNINITIALIZED_AUTOS = YES_AGGRESSIVE;
				GCC_WARN_UNUSED_FUNCTION = YES;
				GCC_WARN_UNUSED_VARIABLE = YES;
				MACOSX_DEPLOYMENT_TARGET = 13.0;
				MTL_ENABLE_DEBUG_INFO = NO;
				MTL_FAST_MATH = YES;
				SDKROOT = macosx;
				SWIFT_COMPILATION_MODE = wholemodule;
				SWIFT_OPTIMIZATION_LEVEL = "-O";
			};
			name = Release;
		};
		35E000242911EEF3009D284D /* Debug */ = {
			isa = XCBuildConfiguration;
			buildSettings = {
				ASSETCATALOG_COMPILER_APPICON_NAME = AppIcon;
				ASSETCATALOG_COMPILER_GLOBAL_ACCENT_COLOR_NAME = AccentColor;
				CODE_SIGN_ENTITLEMENTS = TapIn/TapIn.entitlements;
				CODE_SIGN_STYLE = Automatic;
				COMBINE_HIDPI_IMAGES = YES;
				CURRENT_PROJECT_VERSION = 1;
				DEVELOPMENT_ASSET_PATHS = "\"TapIn/Preview Content\"";
				DEVELOPMENT_TEAM = S83364QYM6;
				ENABLE_HARDENED_RUNTIME = YES;
				ENABLE_PREVIEWS = YES;
				GENERATE_INFOPLIST_FILE = YES;
				INFOPLIST_KEY_LSApplicationCategoryType = "public.app-category.productivity";
				INFOPLIST_KEY_NSHumanReadableCopyright = "";
				LD_RUNPATH_SEARCH_PATHS = (
					"$(inherited)",
					"@executable_path/../Frameworks",
				);
				MARKETING_VERSION = 1.0;
				PRODUCT_BUNDLE_IDENTIFIER = tapin.TapIn;
				PRODUCT_NAME = "$(TARGET_NAME)";
				SWIFT_EMIT_LOC_STRINGS = YES;
				SWIFT_VERSION = 5.0;
			};
			name = Debug;
		};
		35E000252911EEF3009D284D /* Release */ = {
			isa = XCBuildConfiguration;
			buildSettings = {
				ASSETCATALOG_COMPILER_APPICON_NAME = AppIcon;
				ASSETCATALOG_COMPILER_GLOBAL_ACCENT_COLOR_NAME = AccentColor;
				CODE_SIGN_ENTITLEMENTS = TapIn/TapIn.entitlements;
				CODE_SIGN_STYLE = Automatic;
				COMBINE_HIDPI_IMAGES = YES;
				CURRENT_PROJECT_VERSION = 1;
				DEVELOPMENT_ASSET_PATHS = "\"TapIn/Preview Content\"";
				DEVELOPMENT_TEAM = S83364QYM6;
				ENABLE_HARDENED_RUNTIME = YES;
				ENABLE_PREVIEWS = YES;
				GENERATE_INFOPLIST_FILE = YES;
				INFOPLIST_KEY_LSApplicationCategoryType = "public.app-category.productivity";
				INFOPLIST_KEY_NSHumanReadableCopyright = "";
				LD_RUNPATH_SEARCH_PATHS = (
					"$(inherited)",
					"@executable_path/../Frameworks",
				);
				MARKETING_VERSION = 1.0;
				PRODUCT_BUNDLE_IDENTIFIER = tapin.TapIn;
				PRODUCT_NAME = "$(TARGET_NAME)";
				SWIFT_EMIT_LOC_STRINGS = YES;
				SWIFT_VERSION = 5.0;
			};
			name = Release;
		};
		35E000272911EEF3009D284D /* Debug */ = {
			isa = XCBuildConfiguration;
			buildSettings = {
				ALWAYS_EMBED_SWIFT_STANDARD_LIBRARIES = YES;
				BUNDLE_LOADER = "$(TEST_HOST)";
				CODE_SIGN_STYLE = Automatic;
				CURRENT_PROJECT_VERSION = 1;
				DEVELOPMENT_TEAM = S83364QYM6;
				GENERATE_INFOPLIST_FILE = YES;
				MACOSX_DEPLOYMENT_TARGET = 13.0;
				MARKETING_VERSION = 1.0;
				PRODUCT_BUNDLE_IDENTIFIER = tapin.TapInTests;
				PRODUCT_NAME = "$(TARGET_NAME)";
				SWIFT_EMIT_LOC_STRINGS = NO;
				SWIFT_VERSION = 5.0;
				TEST_HOST = "$(BUILT_PRODUCTS_DIR)/TapIn.app/$(BUNDLE_EXECUTABLE_FOLDER_PATH)/TapIn";
			};
			name = Debug;
		};
		35E000282911EEF3009D284D /* Release */ = {
			isa = XCBuildConfiguration;
			buildSettings = {
				ALWAYS_EMBED_SWIFT_STANDARD_LIBRARIES = YES;
				BUNDLE_LOADER = "$(TEST_HOST)";
				CODE_SIGN_STYLE = Automatic;
				CURRENT_PROJECT_VERSION = 1;
				DEVELOPMENT_TEAM = S83364QYM6;
				GENERATE_INFOPLIST_FILE = YES;
				MACOSX_DEPLOYMENT_TARGET = 13.0;
				MARKETING_VERSION = 1.0;
				PRODUCT_BUNDLE_IDENTIFIER = tapin.TapInTests;
				PRODUCT_NAME = "$(TARGET_NAME)";
				SWIFT_EMIT_LOC_STRINGS = NO;
				SWIFT_VERSION = 5.0;
				TEST_HOST = "$(BUILT_PRODUCTS_DIR)/TapIn.app/$(BUNDLE_EXECUTABLE_FOLDER_PATH)/TapIn";
			};
			name = Release;
		};
		35E0002A2911EEF3009D284D /* Debug */ = {
			isa = XCBuildConfiguration;
			buildSettings = {
				ALWAYS_EMBED_SWIFT_STANDARD_LIBRARIES = YES;
				CODE_SIGN_STYLE = Automatic;
				CURRENT_PROJECT_VERSION = 1;
				DEVELOPMENT_TEAM = S83364QYM6;
				GENERATE_INFOPLIST_FILE = YES;
				MARKETING_VERSION = 1.0;
				PRODUCT_BUNDLE_IDENTIFIER = tapin.TapInUITests;
				PRODUCT_NAME = "$(TARGET_NAME)";
				SWIFT_EMIT_LOC_STRINGS = NO;
				SWIFT_VERSION = 5.0;
				TEST_TARGET_NAME = TapIn;
			};
			name = Debug;
		};
		35E0002B2911EEF3009D284D /* Release */ = {
			isa = XCBuildConfiguration;
			buildSettings = {
				ALWAYS_EMBED_SWIFT_STANDARD_LIBRARIES = YES;
				CODE_SIGN_STYLE = Automatic;
				CURRENT_PROJECT_VERSION = 1;
				DEVELOPMENT_TEAM = S83364QYM6;
				GENERATE_INFOPLIST_FILE = YES;
				MARKETING_VERSION = 1.0;
				PRODUCT_BUNDLE_IDENTIFIER = tapin.TapInUITests;
				PRODUCT_NAME = "$(TARGET_NAME)";
				SWIFT_EMIT_LOC_STRINGS = NO;
				SWIFT_VERSION = 5.0;
				TEST_TARGET_NAME = TapIn;
			};
			name = Release;
		};
/* End XCBuildConfiguration section */

/* Begin XCConfigurationList section */
		35E000232911EEF3009D284D /* Build configuration list for PBXNativeTarget "TapIn" */ = {
			isa = XCConfigurationList;
			buildConfigurations = (
				35E000242911EEF3009D284D /* Debug */,
				35E000252911EEF3009D284D /* Release */,
			);
			defaultConfigurationIsVisible = 0;
			defaultConfigurationName = Release;
		};
		35E000262911EEF3009D284D /* Build configuration list for PBXNativeTarget "TapInTests" */ = {
			isa = XCConfigurationList;
			buildConfigurations = (
				35E000272911EEF3009D284D /* Debug */,
				35E000282911EEF3009D284D /* Release */,
			);
			defaultConfigurationIsVisible = 0;
			defaultConfigurationName = Release;
		};
		35E000292911EEF3009D284D /* Build configuration list for PBXNativeTarget "TapInUITests" */ = {
			isa = XCConfigurationList;
			buildConfigurations = (
				35E0002A2911EEF3009D284D /* Debug */,
				35E0002B2911EEF3009D284D /* Release */,
			);
			defaultConfigurationIsVisible = 0;
			defaultConfigurationName = Release;
		};
		35E0FFF92911EEF2009D284D /* Build configuration list for PBXProject "TapIn" */ = {
			isa = XCConfigurationList;
			buildConfigurations = (
				35E000212911EEF3009D284D /* Debug */,
				35E000222911EEF3009D284D /* Release */,
			);
			defaultConfigurationIsVisible = 0;
			defaultConfigurationName = Release;
		};
/* End XCConfigurationList section */

/* Begin XCRemoteSwiftPackageReference section */
		3505D2442911FBA9008B7274 /* XCRemoteSwiftPackageReference "realm-swift" */ = {
			isa = XCRemoteSwiftPackageReference;
			repositoryURL = "https://github.com/realm/realm-swift.git";
			requirement = {
				branch = master;
				kind = branch;
			};
		};
/* End XCRemoteSwiftPackageReference section */

/* Begin XCSwiftPackageProductDependency section */
		3505D2452911FBA9008B7274 /* Realm */ = {
			isa = XCSwiftPackageProductDependency;
			package = 3505D2442911FBA9008B7274 /* XCRemoteSwiftPackageReference "realm-swift" */;
			productName = Realm;
		};
		3505D2472911FBA9008B7274 /* RealmSwift */ = {
			isa = XCSwiftPackageProductDependency;
			package = 3505D2442911FBA9008B7274 /* XCRemoteSwiftPackageReference "realm-swift" */;
			productName = RealmSwift;
		};
/* End XCSwiftPackageProductDependency section */
	};
	rootObject = 35E0FFF62911EEF2009D284D /* Project object */;
}
