// !$*UTF8*$!
{
	archiveVersion = 1;
	classes = {
	};
	objectVersion = 56;
	objects = {

/* Begin PBXBuildFile section */
		3505D2462911FBA9008B7274 /* Realm in Frameworks */ = {isa = PBXBuildFile; productRef = 3505D2452911FBA9008B7274 /* Realm */; };
		3505D2482911FBA9008B7274 /* RealmSwift in Frameworks */ = {isa = PBXBuildFile; productRef = 3505D2472911FBA9008B7274 /* RealmSwift */; };
		351C42F12920A99400B6A843 /* NetworkExtension.framework in Frameworks */ = {isa = PBXBuildFile; fileRef = 356FB74C29208A1500266E0B /* NetworkExtension.framework */; };
		351C42F42920A99400B6A843 /* FilterDataProvider.swift in Sources */ = {isa = PBXBuildFile; fileRef = 351C42F32920A99400B6A843 /* FilterDataProvider.swift */; };
		351C42F62920A99400B6A843 /* main.swift in Sources */ = {isa = PBXBuildFile; fileRef = 351C42F52920A99400B6A843 /* main.swift */; };
		351C42FB2920A99400B6A843 /* tapin.TapIn.ContentFilterExtension.systemextension in Embed System Extensions */ = {isa = PBXBuildFile; fileRef = 351C42F02920A99400B6A843 /* tapin.TapIn.ContentFilterExtension.systemextension */; settings = {ATTRIBUTES = (RemoveHeadersOnCopy, ); }; };
		3542DC2829172C0700F7A9D8 /* FileSystemInstanceLauncherView.swift in Sources */ = {isa = PBXBuildFile; fileRef = 3542DC2729172C0700F7A9D8 /* FileSystemInstanceLauncherView.swift */; };
		3542DC2A2917568C00F7A9D8 /* DefaultAppSelectorView.swift in Sources */ = {isa = PBXBuildFile; fileRef = 3542DC292917568C00F7A9D8 /* DefaultAppSelectorView.swift */; };
		3542DC2D291762ED00F7A9D8 /* WebBasedInstanceLauncherView.swift in Sources */ = {isa = PBXBuildFile; fileRef = 3542DC2C291762ED00F7A9D8 /* WebBasedInstanceLauncherView.swift */; };
		3542DC2F291763F700F7A9D8 /* WebInstanceNameAndUrlEditorView.swift in Sources */ = {isa = PBXBuildFile; fileRef = 3542DC2E291763F700F7A9D8 /* WebInstanceNameAndUrlEditorView.swift */; };
		3542DC312917805200F7A9D8 /* EditableLauncherNameView.swift in Sources */ = {isa = PBXBuildFile; fileRef = 3542DC302917805200F7A9D8 /* EditableLauncherNameView.swift */; };
		3542DC33291787D100F7A9D8 /* CustomEnvironmentValues.swift in Sources */ = {isa = PBXBuildFile; fileRef = 3542DC32291787D100F7A9D8 /* CustomEnvironmentValues.swift */; };
		3542DC35291795A500F7A9D8 /* CoreSidebarButton.swift in Sources */ = {isa = PBXBuildFile; fileRef = 3542DC34291795A500F7A9D8 /* CoreSidebarButton.swift */; };
		3542DC37291795C300F7A9D8 /* DynamicSidebarButton.swift in Sources */ = {isa = PBXBuildFile; fileRef = 3542DC36291795C300F7A9D8 /* DynamicSidebarButton.swift */; };
		3542DC3A2917ACE500F7A9D8 /* ProgressCircleView.swift in Sources */ = {isa = PBXBuildFile; fileRef = 3542DC392917ACE500F7A9D8 /* ProgressCircleView.swift */; };
		3542DC3C2917C39300F7A9D8 /* Constants.swift in Sources */ = {isa = PBXBuildFile; fileRef = 3542DC3B2917C39300F7A9D8 /* Constants.swift */; };
		3542DC3F2917E2BA00F7A9D8 /* StoreKitConfig.storekit in Resources */ = {isa = PBXBuildFile; fileRef = 3542DC3E2917E2BA00F7A9D8 /* StoreKitConfig.storekit */; };
		3542DC462917E50500F7A9D8 /* SubscriptionSettingsView.swift in Sources */ = {isa = PBXBuildFile; fileRef = 3542DC452917E50500F7A9D8 /* SubscriptionSettingsView.swift */; };
		354A59B52924A2FE0034B2E0 /* WorkspaceComponentStatus.swift in Sources */ = {isa = PBXBuildFile; fileRef = 354A59B42924A2FE0034B2E0 /* WorkspaceComponentStatus.swift */; };
		354BDD30292190FA002AA4C1 /* NetworkExtension.framework in Frameworks */ = {isa = PBXBuildFile; fileRef = 356FB74C29208A1500266E0B /* NetworkExtension.framework */; };
		3565B4BD2923557B00A5AB8C /* ButtonWithPopover.swift in Sources */ = {isa = PBXBuildFile; fileRef = 3565B4BC2923557B00A5AB8C /* ButtonWithPopover.swift */; };
		35693E5929157D5200F1966D /* FolderDB.swift in Sources */ = {isa = PBXBuildFile; fileRef = 35693E5829157D5200F1966D /* FolderDB.swift */; };
		35693E5B2915851500F1966D /* SidebarButtonToFolder.swift in Sources */ = {isa = PBXBuildFile; fileRef = 35693E5A2915851500F1966D /* SidebarButtonToFolder.swift */; };
		35693E5F2915C34400F1966D /* WorkspaceCoordinator.swift in Sources */ = {isa = PBXBuildFile; fileRef = 35693E5E2915C34400F1966D /* WorkspaceCoordinator.swift */; };
		35693E622915DAD000F1966D /* WorkspaceComponentViewModel.swift in Sources */ = {isa = PBXBuildFile; fileRef = 35693E612915DAD000F1966D /* WorkspaceComponentViewModel.swift */; };
		35693E652915DFF300F1966D /* BlacklistedWebsite.swift in Sources */ = {isa = PBXBuildFile; fileRef = 35693E642915DFF300F1966D /* BlacklistedWebsite.swift */; };
		35693E6B291624C100F1966D /* FileLauncherModel.swift in Sources */ = {isa = PBXBuildFile; fileRef = 35693E6A291624C100F1966D /* FileLauncherModel.swift */; };
		35693E6F2916251400F1966D /* WebLauncherModel.swift in Sources */ = {isa = PBXBuildFile; fileRef = 35693E6E2916251400F1966D /* WebLauncherModel.swift */; };
		35693E712916256600F1966D /* AppLauncher.swift in Sources */ = {isa = PBXBuildFile; fileRef = 35693E702916256600F1966D /* AppLauncher.swift */; };
		35693E732916261A00F1966D /* FolderLauncher.swift in Sources */ = {isa = PBXBuildFile; fileRef = 35693E722916261A00F1966D /* FolderLauncher.swift */; };
		356E7F682925CEA700E81C67 /* TotalTimeWorkedBoxComponent.swift in Sources */ = {isa = PBXBuildFile; fileRef = 356E7F672925CEA700E81C67 /* TotalTimeWorkedBoxComponent.swift */; };
		356E7F6A2925D76A00E81C67 /* FolderDisclosureGroup.swift in Sources */ = {isa = PBXBuildFile; fileRef = 356E7F692925D76A00E81C67 /* FolderDisclosureGroup.swift */; };
		356FB763292099D900266E0B /* ContentBlocker.swift in Sources */ = {isa = PBXBuildFile; fileRef = 356FB762292099D900266E0B /* ContentBlocker.swift */; };
		359780032913FB44004FBDAE /* StatisticsView.swift in Sources */ = {isa = PBXBuildFile; fileRef = 359780022913FB44004FBDAE /* StatisticsView.swift */; };
		3597800529141729004FBDAE /* SessionModel.swift in Sources */ = {isa = PBXBuildFile; fileRef = 3597800429141729004FBDAE /* SessionModel.swift */; };
		35AD05FD2912EDF800837016 /* NotesView.swift in Sources */ = {isa = PBXBuildFile; fileRef = 35AD05FC2912EDF800837016 /* NotesView.swift */; };
		35AD05FF2912F18700837016 /* NoteDB.swift in Sources */ = {isa = PBXBuildFile; fileRef = 35AD05FE2912F18700837016 /* NoteDB.swift */; };
		35AD06072913280D00837016 /* SessionHistoryQueryer.swift in Sources */ = {isa = PBXBuildFile; fileRef = 35AD06062913280D00837016 /* SessionHistoryQueryer.swift */; };
		35D366B22923036D004C262A /* BlockerError.swift in Sources */ = {isa = PBXBuildFile; fileRef = 35D366B12923036D004C262A /* BlockerError.swift */; };
		35E000022911EEF2009D284D /* TapInApp.swift in Sources */ = {isa = PBXBuildFile; fileRef = 35E000012911EEF2009D284D /* TapInApp.swift */; };
		35E000062911EEF3009D284D /* Assets.xcassets in Resources */ = {isa = PBXBuildFile; fileRef = 35E000052911EEF3009D284D /* Assets.xcassets */; };
		35E000092911EEF3009D284D /* Preview Assets.xcassets in Resources */ = {isa = PBXBuildFile; fileRef = 35E000082911EEF3009D284D /* Preview Assets.xcassets */; };
		35E000142911EEF3009D284D /* TapInTests.swift in Sources */ = {isa = PBXBuildFile; fileRef = 35E000132911EEF3009D284D /* TapInTests.swift */; };
		35E0001E2911EEF3009D284D /* TapInUITests.swift in Sources */ = {isa = PBXBuildFile; fileRef = 35E0001D2911EEF3009D284D /* TapInUITests.swift */; };
		35E000202911EEF3009D284D /* TapInUITestsLaunchTests.swift in Sources */ = {isa = PBXBuildFile; fileRef = 35E0001F2911EEF3009D284D /* TapInUITestsLaunchTests.swift */; };
		35E000392911F382009D284D /* NuclearWasteland.swift in Sources */ = {isa = PBXBuildFile; fileRef = 35E000382911F382009D284D /* NuclearWasteland.swift */; };
		35E000402911F400009D284D /* Color+.swift in Sources */ = {isa = PBXBuildFile; fileRef = 35E0003F2911F400009D284D /* Color+.swift */; };
		35E000422911F40C009D284D /* Collection+.swift in Sources */ = {isa = PBXBuildFile; fileRef = 35E000412911F40C009D284D /* Collection+.swift */; };
		35E000462911F41F009D284D /* String+.swift in Sources */ = {isa = PBXBuildFile; fileRef = 35E000452911F41F009D284D /* String+.swift */; };
		35E000492911F43B009D284D /* CustomPersistables.swift in Sources */ = {isa = PBXBuildFile; fileRef = 35E000482911F43B009D284D /* CustomPersistables.swift */; };
		35E0004C2911F44E009D284D /* ViewModifiers.swift in Sources */ = {isa = PBXBuildFile; fileRef = 35E0004B2911F44E009D284D /* ViewModifiers.swift */; };
		35E0004E2911F46B009D284D /* SidebarListItem.swift in Sources */ = {isa = PBXBuildFile; fileRef = 35E0004D2911F46B009D284D /* SidebarListItem.swift */; };
		35E000502911F47D009D284D /* SwiftUIHelpers.swift in Sources */ = {isa = PBXBuildFile; fileRef = 35E0004F2911F47D009D284D /* SwiftUIHelpers.swift */; };
		35E000522911F493009D284D /* WorkspaceDB.swift in Sources */ = {isa = PBXBuildFile; fileRef = 35E000512911F493009D284D /* WorkspaceDB.swift */; };
		35E000542911F49F009D284D /* RealmManager.swift in Sources */ = {isa = PBXBuildFile; fileRef = 35E000532911F49F009D284D /* RealmManager.swift */; };
		35E000562911F4AB009D284D /* PomodoroDB.swift in Sources */ = {isa = PBXBuildFile; fileRef = 35E000552911F4AB009D284D /* PomodoroDB.swift */; };
		35E000582911F4B6009D284D /* BlockerDB.swift in Sources */ = {isa = PBXBuildFile; fileRef = 35E000572911F4B6009D284D /* BlockerDB.swift */; };
		35E0005C2911F4D4009D284D /* LauncherInstanceDB.swift in Sources */ = {isa = PBXBuildFile; fileRef = 35E0005B2911F4D4009D284D /* LauncherInstanceDB.swift */; };
		35E0005E2911F4E5009D284D /* LauncherDB.swift in Sources */ = {isa = PBXBuildFile; fileRef = 35E0005D2911F4E5009D284D /* LauncherDB.swift */; };
		35E000602911F4F4009D284D /* SessionDB.swift in Sources */ = {isa = PBXBuildFile; fileRef = 35E0005F2911F4F4009D284D /* SessionDB.swift */; };
		35E000B92911F531009D284D /* SidebarState.swift in Sources */ = {isa = PBXBuildFile; fileRef = 35E000682911F531009D284D /* SidebarState.swift */; };
		35E000BD2911F531009D284D /* SidebarButtonToWorkspace.swift in Sources */ = {isa = PBXBuildFile; fileRef = 35E0006E2911F531009D284D /* SidebarButtonToWorkspace.swift */; };
		35E000BF2911F531009D284D /* SidebarView.swift in Sources */ = {isa = PBXBuildFile; fileRef = 35E000702911F531009D284D /* SidebarView.swift */; };
		35E000C22911F531009D284D /* SettingsView.swift in Sources */ = {isa = PBXBuildFile; fileRef = 35E000772911F531009D284D /* SettingsView.swift */; };
		35E000C42911F531009D284D /* GeneralSettingsView.swift in Sources */ = {isa = PBXBuildFile; fileRef = 35E000792911F531009D284D /* GeneralSettingsView.swift */; };
		35E000C72911F531009D284D /* LauncherState.swift in Sources */ = {isa = PBXBuildFile; fileRef = 35E000822911F531009D284D /* LauncherState.swift */; };
		35E000C82911F531009D284D /* LauncherModelExtra.swift in Sources */ = {isa = PBXBuildFile; fileRef = 35E000842911F531009D284D /* LauncherModelExtra.swift */; };
		35E000C92911F531009D284D /* LauncherView.swift in Sources */ = {isa = PBXBuildFile; fileRef = 35E000862911F531009D284D /* LauncherView.swift */; };
		35E000CA2911F531009D284D /* TappableAppIconView.swift in Sources */ = {isa = PBXBuildFile; fileRef = 35E000872911F531009D284D /* TappableAppIconView.swift */; };
		35E000CE2911F531009D284D /* LauncherTypeSelectionPopoverView.swift in Sources */ = {isa = PBXBuildFile; fileRef = 35E0008B2911F531009D284D /* LauncherTypeSelectionPopoverView.swift */; };
		35E000D02911F531009D284D /* RadioState.swift in Sources */ = {isa = PBXBuildFile; fileRef = 35E0008F2911F531009D284D /* RadioState.swift */; };
		35E000D12911F531009D284D /* RadioChannel.swift in Sources */ = {isa = PBXBuildFile; fileRef = 35E000912911F531009D284D /* RadioChannel.swift */; };
		35E000D22911F531009D284D /* RadioPlayer.swift in Sources */ = {isa = PBXBuildFile; fileRef = 35E000922911F531009D284D /* RadioPlayer.swift */; };
		35E000D32911F531009D284D /* RadioView.swift in Sources */ = {isa = PBXBuildFile; fileRef = 35E000942911F531009D284D /* RadioView.swift */; };
		35E000D42911F531009D284D /* WorkspaceState.swift in Sources */ = {isa = PBXBuildFile; fileRef = 35E000972911F531009D284D /* WorkspaceState.swift */; };
		35E000D62911F531009D284D /* WorkspaceView.swift in Sources */ = {isa = PBXBuildFile; fileRef = 35E0009B2911F531009D284D /* WorkspaceView.swift */; };
		35E000D72911F531009D284D /* BlockerState.swift in Sources */ = {isa = PBXBuildFile; fileRef = 35E0009E2911F531009D284D /* BlockerState.swift */; };
		35E000D82911F531009D284D /* BlockerView.swift in Sources */ = {isa = PBXBuildFile; fileRef = 35E000A02911F531009D284D /* BlockerView.swift */; };
		35E000D92911F531009D284D /* RadioBottomMenuController.swift in Sources */ = {isa = PBXBuildFile; fileRef = 35E000A62911F531009D284D /* RadioBottomMenuController.swift */; };
		35E000DA2911F531009D284D /* WorkspaceTab.swift in Sources */ = {isa = PBXBuildFile; fileRef = 35E000A82911F531009D284D /* WorkspaceTab.swift */; };
		35E000DB2911F531009D284D /* Direction.swift in Sources */ = {isa = PBXBuildFile; fileRef = 35E000A92911F531009D284D /* Direction.swift */; };
		35E000DC2911F531009D284D /* InactiveBottomMenu.swift in Sources */ = {isa = PBXBuildFile; fileRef = 35E000AB2911F531009D284D /* InactiveBottomMenu.swift */; };
		35E000DD2911F531009D284D /* BottomMenu.swift in Sources */ = {isa = PBXBuildFile; fileRef = 35E000AC2911F531009D284D /* BottomMenu.swift */; };
		35E000DE2911F531009D284D /* ActiveBottomMenu.swift in Sources */ = {isa = PBXBuildFile; fileRef = 35E000AD2911F531009D284D /* ActiveBottomMenu.swift */; };
		35E000DF2911F531009D284D /* PomodoroState.swift in Sources */ = {isa = PBXBuildFile; fileRef = 35E000B02911F531009D284D /* PomodoroState.swift */; };
		35E000E02911F531009D284D /* PomodoroStageState.swift in Sources */ = {isa = PBXBuildFile; fileRef = 35E000B22911F531009D284D /* PomodoroStageState.swift */; };
		35E000E12911F531009D284D /* TimerMode.swift in Sources */ = {isa = PBXBuildFile; fileRef = 35E000B32911F531009D284D /* TimerMode.swift */; };
		35E000E22911F531009D284D /* PomodoroTimerState.swift in Sources */ = {isa = PBXBuildFile; fileRef = 35E000B42911F531009D284D /* PomodoroTimerState.swift */; };
		35E000E32911F531009D284D /* PomodoroStage.swift in Sources */ = {isa = PBXBuildFile; fileRef = 35E000B52911F531009D284D /* PomodoroStage.swift */; };
		35E000E42911F531009D284D /* PomodoroTicker.swift in Sources */ = {isa = PBXBuildFile; fileRef = 35E000B62911F531009D284D /* PomodoroTicker.swift */; };
		35E000E52911F531009D284D /* PomodoroView.swift in Sources */ = {isa = PBXBuildFile; fileRef = 35E000B82911F531009D284D /* PomodoroView.swift */; };
		35E6F1802924EFB70066E7A2 /* NotificationManager.swift in Sources */ = {isa = PBXBuildFile; fileRef = 35E6F17F2924EFB70066E7A2 /* NotificationManager.swift */; };
		35E9CE4329198A7B0019DDE8 /* SubscriptionSettingsState.swift in Sources */ = {isa = PBXBuildFile; fileRef = 35E9CE4229198A7B0019DDE8 /* SubscriptionSettingsState.swift */; };
		35E9CE482919AEEE0019DDE8 /* SubscriptionProducts.swift in Sources */ = {isa = PBXBuildFile; fileRef = 35E9CE472919AEEE0019DDE8 /* SubscriptionProducts.swift */; };
		35E9CE4A2919B6EA0019DDE8 /* SubscriptionManager.swift in Sources */ = {isa = PBXBuildFile; fileRef = 35E9CE492919B6EA0019DDE8 /* SubscriptionManager.swift */; };
		35F3D567291B0A6F0050E3A9 /* FolderView.swift in Sources */ = {isa = PBXBuildFile; fileRef = 35F3D566291B0A6F0050E3A9 /* FolderView.swift */; };
		35F3D569291B0A900050E3A9 /* FolderState.swift in Sources */ = {isa = PBXBuildFile; fileRef = 35F3D568291B0A900050E3A9 /* FolderState.swift */; };
		35F3D56B291B0D560050E3A9 /* FormInputs.swift in Sources */ = {isa = PBXBuildFile; fileRef = 35F3D56A291B0D560050E3A9 /* FormInputs.swift */; };
		35F3D56D291B2A790050E3A9 /* ClampedFormatter.swift in Sources */ = {isa = PBXBuildFile; fileRef = 35F3D56C291B2A790050E3A9 /* ClampedFormatter.swift */; };
		35F3D56F291B37C40050E3A9 /* BottomBarLauncherSettings.swift in Sources */ = {isa = PBXBuildFile; fileRef = 35F3D56E291B37C40050E3A9 /* BottomBarLauncherSettings.swift */; };
		35F3D571291B45C90050E3A9 /* NSNotification.Name+.swift in Sources */ = {isa = PBXBuildFile; fileRef = 35F3D570291B45C90050E3A9 /* NSNotification.Name+.swift */; };
		35F3D573291B58E90050E3A9 /* UserDefaultsManager.swift in Sources */ = {isa = PBXBuildFile; fileRef = 35F3D572291B58E90050E3A9 /* UserDefaultsManager.swift */; };
		35F3D575291B5DD70050E3A9 /* ComponentActivityTracker.swift in Sources */ = {isa = PBXBuildFile; fileRef = 35F3D574291B5DD70050E3A9 /* ComponentActivityTracker.swift */; };
		35F3D577291B64DD0050E3A9 /* PropertyWrappers.swift in Sources */ = {isa = PBXBuildFile; fileRef = 35F3D576291B64DD0050E3A9 /* PropertyWrappers.swift */; };
		35F3D579291B74BE0050E3A9 /* LauncherInstanceListControlButtons.swift in Sources */ = {isa = PBXBuildFile; fileRef = 35F3D578291B74BE0050E3A9 /* LauncherInstanceListControlButtons.swift */; };
		35F3D57B291B82AD0050E3A9 /* SessionHistoryCharter.swift in Sources */ = {isa = PBXBuildFile; fileRef = 35F3D57A291B82AD0050E3A9 /* SessionHistoryCharter.swift */; };
		35F3D57D291B82CF0050E3A9 /* TimeGranularity.swift in Sources */ = {isa = PBXBuildFile; fileRef = 35F3D57C291B82CF0050E3A9 /* TimeGranularity.swift */; };
		35F3D57F291B83280050E3A9 /* IntervalHolder.swift in Sources */ = {isa = PBXBuildFile; fileRef = 35F3D57E291B83280050E3A9 /* IntervalHolder.swift */; };
		DC0280BE4E4B255B10AA9422 /* StatisticsState.swift in Sources */ = {isa = PBXBuildFile; fileRef = DC02823F03E1DB59824ADC39 /* StatisticsState.swift */; };
/* End PBXBuildFile section */

/* Begin PBXContainerItemProxy section */
		351C42F92920A99400B6A843 /* PBXContainerItemProxy */ = {
			isa = PBXContainerItemProxy;
			containerPortal = 35E0FFF62911EEF2009D284D /* Project object */;
			proxyType = 1;
			remoteGlobalIDString = 351C42EF2920A99400B6A843;
			remoteInfo = ContentFilterExtension;
		};
		35E000102911EEF3009D284D /* PBXContainerItemProxy */ = {
			isa = PBXContainerItemProxy;
			containerPortal = 35E0FFF62911EEF2009D284D /* Project object */;
			proxyType = 1;
			remoteGlobalIDString = 35E0FFFD2911EEF2009D284D;
			remoteInfo = TapIn;
		};
		35E0001A2911EEF3009D284D /* PBXContainerItemProxy */ = {
			isa = PBXContainerItemProxy;
			containerPortal = 35E0FFF62911EEF2009D284D /* Project object */;
			proxyType = 1;
			remoteGlobalIDString = 35E0FFFD2911EEF2009D284D;
			remoteInfo = TapIn;
		};
/* End PBXContainerItemProxy section */

/* Begin PBXCopyFilesBuildPhase section */
		356FB7422920872D00266E0B /* Embed System Extensions */ = {
			isa = PBXCopyFilesBuildPhase;
			buildActionMask = 2147483647;
			dstPath = "$(SYSTEM_EXTENSIONS_FOLDER_PATH)";
			dstSubfolderSpec = 16;
			files = (
				351C42FB2920A99400B6A843 /* tapin.TapIn.ContentFilterExtension.systemextension in Embed System Extensions */,
			);
			name = "Embed System Extensions";
			runOnlyForDeploymentPostprocessing = 0;
		};
/* End PBXCopyFilesBuildPhase section */

/* Begin PBXFileReference section */
		351C42F02920A99400B6A843 /* tapin.TapIn.ContentFilterExtension.systemextension */ = {isa = PBXFileReference; explicitFileType = "wrapper.system-extension"; includeInIndex = 0; path = tapin.TapIn.ContentFilterExtension.systemextension; sourceTree = BUILT_PRODUCTS_DIR; };
		351C42F32920A99400B6A843 /* FilterDataProvider.swift */ = {isa = PBXFileReference; lastKnownFileType = sourcecode.swift; path = FilterDataProvider.swift; sourceTree = "<group>"; };
		351C42F52920A99400B6A843 /* main.swift */ = {isa = PBXFileReference; lastKnownFileType = sourcecode.swift; path = main.swift; sourceTree = "<group>"; };
		351C42F72920A99400B6A843 /* Info.plist */ = {isa = PBXFileReference; lastKnownFileType = text.plist.xml; path = Info.plist; sourceTree = "<group>"; };
		351C42F82920A99400B6A843 /* ContentFilterExtension.entitlements */ = {isa = PBXFileReference; lastKnownFileType = text.plist.entitlements; path = ContentFilterExtension.entitlements; sourceTree = "<group>"; };
		3525F779291AFB62006A3A7B /* Info.plist */ = {isa = PBXFileReference; lastKnownFileType = text.plist; path = Info.plist; sourceTree = "<group>"; };
		3542DC2729172C0700F7A9D8 /* FileSystemInstanceLauncherView.swift */ = {isa = PBXFileReference; lastKnownFileType = sourcecode.swift; path = FileSystemInstanceLauncherView.swift; sourceTree = "<group>"; };
		3542DC292917568C00F7A9D8 /* DefaultAppSelectorView.swift */ = {isa = PBXFileReference; lastKnownFileType = sourcecode.swift; path = DefaultAppSelectorView.swift; sourceTree = "<group>"; };
		3542DC2C291762ED00F7A9D8 /* WebBasedInstanceLauncherView.swift */ = {isa = PBXFileReference; lastKnownFileType = sourcecode.swift; path = WebBasedInstanceLauncherView.swift; sourceTree = "<group>"; };
		3542DC2E291763F700F7A9D8 /* WebInstanceNameAndUrlEditorView.swift */ = {isa = PBXFileReference; lastKnownFileType = sourcecode.swift; path = WebInstanceNameAndUrlEditorView.swift; sourceTree = "<group>"; };
		3542DC302917805200F7A9D8 /* EditableLauncherNameView.swift */ = {isa = PBXFileReference; lastKnownFileType = sourcecode.swift; path = EditableLauncherNameView.swift; sourceTree = "<group>"; };
		3542DC32291787D100F7A9D8 /* CustomEnvironmentValues.swift */ = {isa = PBXFileReference; lastKnownFileType = sourcecode.swift; path = CustomEnvironmentValues.swift; sourceTree = "<group>"; };
		3542DC34291795A500F7A9D8 /* CoreSidebarButton.swift */ = {isa = PBXFileReference; lastKnownFileType = sourcecode.swift; path = CoreSidebarButton.swift; sourceTree = "<group>"; };
		3542DC36291795C300F7A9D8 /* DynamicSidebarButton.swift */ = {isa = PBXFileReference; lastKnownFileType = sourcecode.swift; path = DynamicSidebarButton.swift; sourceTree = "<group>"; };
		3542DC392917ACE500F7A9D8 /* ProgressCircleView.swift */ = {isa = PBXFileReference; lastKnownFileType = sourcecode.swift; path = ProgressCircleView.swift; sourceTree = "<group>"; };
		3542DC3B2917C39300F7A9D8 /* Constants.swift */ = {isa = PBXFileReference; lastKnownFileType = sourcecode.swift; path = Constants.swift; sourceTree = "<group>"; };
		3542DC3E2917E2BA00F7A9D8 /* StoreKitConfig.storekit */ = {isa = PBXFileReference; lastKnownFileType = text; path = StoreKitConfig.storekit; sourceTree = "<group>"; };
		3542DC452917E50500F7A9D8 /* SubscriptionSettingsView.swift */ = {isa = PBXFileReference; lastKnownFileType = sourcecode.swift; path = SubscriptionSettingsView.swift; sourceTree = "<group>"; };
		354A59B42924A2FE0034B2E0 /* WorkspaceComponentStatus.swift */ = {isa = PBXFileReference; lastKnownFileType = sourcecode.swift; name = WorkspaceComponentStatus.swift; path = TapIn/Helpers/Components/WorkspaceComponentStatus.swift; sourceTree = SOURCE_ROOT; };
		3565B4BC2923557B00A5AB8C /* ButtonWithPopover.swift */ = {isa = PBXFileReference; lastKnownFileType = sourcecode.swift; path = ButtonWithPopover.swift; sourceTree = "<group>"; };
		35693E5829157D5200F1966D /* FolderDB.swift */ = {isa = PBXFileReference; lastKnownFileType = sourcecode.swift; path = FolderDB.swift; sourceTree = "<group>"; };
		35693E5A2915851500F1966D /* SidebarButtonToFolder.swift */ = {isa = PBXFileReference; lastKnownFileType = sourcecode.swift; path = SidebarButtonToFolder.swift; sourceTree = "<group>"; };
		35693E5E2915C34400F1966D /* WorkspaceCoordinator.swift */ = {isa = PBXFileReference; lastKnownFileType = sourcecode.swift; path = WorkspaceCoordinator.swift; sourceTree = "<group>"; };
		35693E612915DAD000F1966D /* WorkspaceComponentViewModel.swift */ = {isa = PBXFileReference; lastKnownFileType = sourcecode.swift; path = WorkspaceComponentViewModel.swift; sourceTree = "<group>"; };
		35693E642915DFF300F1966D /* BlacklistedWebsite.swift */ = {isa = PBXFileReference; lastKnownFileType = sourcecode.swift; path = BlacklistedWebsite.swift; sourceTree = "<group>"; };
		35693E6A291624C100F1966D /* FileLauncherModel.swift */ = {isa = PBXFileReference; lastKnownFileType = sourcecode.swift; path = FileLauncherModel.swift; sourceTree = "<group>"; };
		35693E6E2916251400F1966D /* WebLauncherModel.swift */ = {isa = PBXFileReference; lastKnownFileType = sourcecode.swift; path = WebLauncherModel.swift; sourceTree = "<group>"; };
		35693E702916256600F1966D /* AppLauncher.swift */ = {isa = PBXFileReference; lastKnownFileType = sourcecode.swift; path = AppLauncher.swift; sourceTree = "<group>"; };
		35693E722916261A00F1966D /* FolderLauncher.swift */ = {isa = PBXFileReference; lastKnownFileType = sourcecode.swift; path = FolderLauncher.swift; sourceTree = "<group>"; };
		356E7F672925CEA700E81C67 /* TotalTimeWorkedBoxComponent.swift */ = {isa = PBXFileReference; lastKnownFileType = sourcecode.swift; path = TotalTimeWorkedBoxComponent.swift; sourceTree = "<group>"; };
		356E7F692925D76A00E81C67 /* FolderDisclosureGroup.swift */ = {isa = PBXFileReference; lastKnownFileType = sourcecode.swift; path = FolderDisclosureGroup.swift; sourceTree = "<group>"; };
		356FB74C29208A1500266E0B /* NetworkExtension.framework */ = {isa = PBXFileReference; lastKnownFileType = wrapper.framework; name = NetworkExtension.framework; path = System/Library/Frameworks/NetworkExtension.framework; sourceTree = SDKROOT; };
		356FB762292099D900266E0B /* ContentBlocker.swift */ = {isa = PBXFileReference; lastKnownFileType = sourcecode.swift; path = ContentBlocker.swift; sourceTree = "<group>"; };
		359780022913FB44004FBDAE /* StatisticsView.swift */ = {isa = PBXFileReference; lastKnownFileType = sourcecode.swift; path = StatisticsView.swift; sourceTree = "<group>"; };
		3597800429141729004FBDAE /* SessionModel.swift */ = {isa = PBXFileReference; lastKnownFileType = sourcecode.swift; path = SessionModel.swift; sourceTree = "<group>"; };
		35AD05FC2912EDF800837016 /* NotesView.swift */ = {isa = PBXFileReference; lastKnownFileType = sourcecode.swift; path = NotesView.swift; sourceTree = "<group>"; };
		35AD05FE2912F18700837016 /* NoteDB.swift */ = {isa = PBXFileReference; lastKnownFileType = sourcecode.swift; path = NoteDB.swift; sourceTree = "<group>"; };
		35AD06062913280D00837016 /* SessionHistoryQueryer.swift */ = {isa = PBXFileReference; lastKnownFileType = sourcecode.swift; path = SessionHistoryQueryer.swift; sourceTree = "<group>"; };
		35D366B12923036D004C262A /* BlockerError.swift */ = {isa = PBXFileReference; lastKnownFileType = sourcecode.swift; path = BlockerError.swift; sourceTree = "<group>"; };
		35E000012911EEF2009D284D /* TapInApp.swift */ = {isa = PBXFileReference; lastKnownFileType = sourcecode.swift; path = TapInApp.swift; sourceTree = "<group>"; };
		35E000052911EEF3009D284D /* Assets.xcassets */ = {isa = PBXFileReference; lastKnownFileType = folder.assetcatalog; path = Assets.xcassets; sourceTree = "<group>"; };
		35E000082911EEF3009D284D /* Preview Assets.xcassets */ = {isa = PBXFileReference; lastKnownFileType = folder.assetcatalog; path = "Preview Assets.xcassets"; sourceTree = "<group>"; };
		35E0000A2911EEF3009D284D /* TapIn.entitlements */ = {isa = PBXFileReference; lastKnownFileType = text.plist.entitlements; path = TapIn.entitlements; sourceTree = "<group>"; };
		35E0000F2911EEF3009D284D /* TapInTests.xctest */ = {isa = PBXFileReference; explicitFileType = wrapper.cfbundle; includeInIndex = 0; path = TapInTests.xctest; sourceTree = BUILT_PRODUCTS_DIR; };
		35E000132911EEF3009D284D /* TapInTests.swift */ = {isa = PBXFileReference; lastKnownFileType = sourcecode.swift; path = TapInTests.swift; sourceTree = "<group>"; };
		35E000192911EEF3009D284D /* TapInUITests.xctest */ = {isa = PBXFileReference; explicitFileType = wrapper.cfbundle; includeInIndex = 0; path = TapInUITests.xctest; sourceTree = BUILT_PRODUCTS_DIR; };
		35E0001D2911EEF3009D284D /* TapInUITests.swift */ = {isa = PBXFileReference; lastKnownFileType = sourcecode.swift; path = TapInUITests.swift; sourceTree = "<group>"; };
		35E0001F2911EEF3009D284D /* TapInUITestsLaunchTests.swift */ = {isa = PBXFileReference; lastKnownFileType = sourcecode.swift; path = TapInUITestsLaunchTests.swift; sourceTree = "<group>"; };
		35E000382911F382009D284D /* NuclearWasteland.swift */ = {isa = PBXFileReference; lastKnownFileType = sourcecode.swift; path = NuclearWasteland.swift; sourceTree = "<group>"; };
		35E0003F2911F400009D284D /* Color+.swift */ = {isa = PBXFileReference; lastKnownFileType = sourcecode.swift; path = "Color+.swift"; sourceTree = "<group>"; };
		35E000412911F40C009D284D /* Collection+.swift */ = {isa = PBXFileReference; lastKnownFileType = sourcecode.swift; path = "Collection+.swift"; sourceTree = "<group>"; };
		35E000452911F41F009D284D /* String+.swift */ = {isa = PBXFileReference; lastKnownFileType = sourcecode.swift; path = "String+.swift"; sourceTree = "<group>"; };
		35E000482911F43B009D284D /* CustomPersistables.swift */ = {isa = PBXFileReference; lastKnownFileType = sourcecode.swift; path = CustomPersistables.swift; sourceTree = "<group>"; };
		35E0004B2911F44E009D284D /* ViewModifiers.swift */ = {isa = PBXFileReference; lastKnownFileType = sourcecode.swift; path = ViewModifiers.swift; sourceTree = "<group>"; };
		35E0004D2911F46B009D284D /* SidebarListItem.swift */ = {isa = PBXFileReference; lastKnownFileType = sourcecode.swift; path = SidebarListItem.swift; sourceTree = "<group>"; };
		35E0004F2911F47D009D284D /* SwiftUIHelpers.swift */ = {isa = PBXFileReference; lastKnownFileType = sourcecode.swift; path = SwiftUIHelpers.swift; sourceTree = "<group>"; };
		35E000512911F493009D284D /* WorkspaceDB.swift */ = {isa = PBXFileReference; lastKnownFileType = sourcecode.swift; path = WorkspaceDB.swift; sourceTree = "<group>"; };
		35E000532911F49F009D284D /* RealmManager.swift */ = {isa = PBXFileReference; lastKnownFileType = sourcecode.swift; path = RealmManager.swift; sourceTree = "<group>"; };
		35E000552911F4AB009D284D /* PomodoroDB.swift */ = {isa = PBXFileReference; lastKnownFileType = sourcecode.swift; path = PomodoroDB.swift; sourceTree = "<group>"; };
		35E000572911F4B6009D284D /* BlockerDB.swift */ = {isa = PBXFileReference; lastKnownFileType = sourcecode.swift; path = BlockerDB.swift; sourceTree = "<group>"; };
		35E0005B2911F4D4009D284D /* LauncherInstanceDB.swift */ = {isa = PBXFileReference; lastKnownFileType = sourcecode.swift; path = LauncherInstanceDB.swift; sourceTree = "<group>"; };
		35E0005D2911F4E5009D284D /* LauncherDB.swift */ = {isa = PBXFileReference; lastKnownFileType = sourcecode.swift; path = LauncherDB.swift; sourceTree = "<group>"; };
		35E0005F2911F4F4009D284D /* SessionDB.swift */ = {isa = PBXFileReference; lastKnownFileType = sourcecode.swift; path = SessionDB.swift; sourceTree = "<group>"; };
		35E000682911F531009D284D /* SidebarState.swift */ = {isa = PBXFileReference; fileEncoding = 4; lastKnownFileType = sourcecode.swift; path = SidebarState.swift; sourceTree = "<group>"; };
		35E0006E2911F531009D284D /* SidebarButtonToWorkspace.swift */ = {isa = PBXFileReference; fileEncoding = 4; lastKnownFileType = sourcecode.swift; path = SidebarButtonToWorkspace.swift; sourceTree = "<group>"; };
		35E000702911F531009D284D /* SidebarView.swift */ = {isa = PBXFileReference; fileEncoding = 4; lastKnownFileType = sourcecode.swift; path = SidebarView.swift; sourceTree = "<group>"; };
		35E000772911F531009D284D /* SettingsView.swift */ = {isa = PBXFileReference; fileEncoding = 4; lastKnownFileType = sourcecode.swift; path = SettingsView.swift; sourceTree = "<group>"; };
		35E000792911F531009D284D /* GeneralSettingsView.swift */ = {isa = PBXFileReference; fileEncoding = 4; lastKnownFileType = sourcecode.swift; path = GeneralSettingsView.swift; sourceTree = "<group>"; };
		35E000822911F531009D284D /* LauncherState.swift */ = {isa = PBXFileReference; fileEncoding = 4; lastKnownFileType = sourcecode.swift; path = LauncherState.swift; sourceTree = "<group>"; };
		35E000842911F531009D284D /* LauncherModelExtra.swift */ = {isa = PBXFileReference; fileEncoding = 4; lastKnownFileType = sourcecode.swift; path = LauncherModelExtra.swift; sourceTree = "<group>"; };
		35E000862911F531009D284D /* LauncherView.swift */ = {isa = PBXFileReference; fileEncoding = 4; lastKnownFileType = sourcecode.swift; path = LauncherView.swift; sourceTree = "<group>"; };
		35E000872911F531009D284D /* TappableAppIconView.swift */ = {isa = PBXFileReference; fileEncoding = 4; lastKnownFileType = sourcecode.swift; path = TappableAppIconView.swift; sourceTree = "<group>"; };
		35E0008B2911F531009D284D /* LauncherTypeSelectionPopoverView.swift */ = {isa = PBXFileReference; fileEncoding = 4; lastKnownFileType = sourcecode.swift; path = LauncherTypeSelectionPopoverView.swift; sourceTree = "<group>"; };
		35E0008F2911F531009D284D /* RadioState.swift */ = {isa = PBXFileReference; fileEncoding = 4; lastKnownFileType = sourcecode.swift; path = RadioState.swift; sourceTree = "<group>"; };
		35E000912911F531009D284D /* RadioChannel.swift */ = {isa = PBXFileReference; fileEncoding = 4; lastKnownFileType = sourcecode.swift; path = RadioChannel.swift; sourceTree = "<group>"; };
		35E000922911F531009D284D /* RadioPlayer.swift */ = {isa = PBXFileReference; fileEncoding = 4; lastKnownFileType = sourcecode.swift; path = RadioPlayer.swift; sourceTree = "<group>"; };
		35E000942911F531009D284D /* RadioView.swift */ = {isa = PBXFileReference; fileEncoding = 4; lastKnownFileType = sourcecode.swift; path = RadioView.swift; sourceTree = "<group>"; };
		35E000972911F531009D284D /* WorkspaceState.swift */ = {isa = PBXFileReference; fileEncoding = 4; lastKnownFileType = sourcecode.swift; path = WorkspaceState.swift; sourceTree = "<group>"; };
		35E0009B2911F531009D284D /* WorkspaceView.swift */ = {isa = PBXFileReference; fileEncoding = 4; lastKnownFileType = sourcecode.swift; path = WorkspaceView.swift; sourceTree = "<group>"; };
		35E0009E2911F531009D284D /* BlockerState.swift */ = {isa = PBXFileReference; fileEncoding = 4; lastKnownFileType = sourcecode.swift; path = BlockerState.swift; sourceTree = "<group>"; };
		35E000A02911F531009D284D /* BlockerView.swift */ = {isa = PBXFileReference; fileEncoding = 4; lastKnownFileType = sourcecode.swift; path = BlockerView.swift; sourceTree = "<group>"; };
		35E000A62911F531009D284D /* RadioBottomMenuController.swift */ = {isa = PBXFileReference; fileEncoding = 4; lastKnownFileType = sourcecode.swift; path = RadioBottomMenuController.swift; sourceTree = "<group>"; };
		35E000A82911F531009D284D /* WorkspaceTab.swift */ = {isa = PBXFileReference; fileEncoding = 4; lastKnownFileType = sourcecode.swift; path = WorkspaceTab.swift; sourceTree = "<group>"; };
		35E000A92911F531009D284D /* Direction.swift */ = {isa = PBXFileReference; fileEncoding = 4; lastKnownFileType = sourcecode.swift; path = Direction.swift; sourceTree = "<group>"; };
		35E000AB2911F531009D284D /* InactiveBottomMenu.swift */ = {isa = PBXFileReference; fileEncoding = 4; lastKnownFileType = sourcecode.swift; path = InactiveBottomMenu.swift; sourceTree = "<group>"; };
		35E000AC2911F531009D284D /* BottomMenu.swift */ = {isa = PBXFileReference; fileEncoding = 4; lastKnownFileType = sourcecode.swift; path = BottomMenu.swift; sourceTree = "<group>"; };
		35E000AD2911F531009D284D /* ActiveBottomMenu.swift */ = {isa = PBXFileReference; fileEncoding = 4; lastKnownFileType = sourcecode.swift; path = ActiveBottomMenu.swift; sourceTree = "<group>"; };
		35E000B02911F531009D284D /* PomodoroState.swift */ = {isa = PBXFileReference; fileEncoding = 4; lastKnownFileType = sourcecode.swift; path = PomodoroState.swift; sourceTree = "<group>"; };
		35E000B22911F531009D284D /* PomodoroStageState.swift */ = {isa = PBXFileReference; fileEncoding = 4; lastKnownFileType = sourcecode.swift; path = PomodoroStageState.swift; sourceTree = "<group>"; };
		35E000B32911F531009D284D /* TimerMode.swift */ = {isa = PBXFileReference; fileEncoding = 4; lastKnownFileType = sourcecode.swift; path = TimerMode.swift; sourceTree = "<group>"; };
		35E000B42911F531009D284D /* PomodoroTimerState.swift */ = {isa = PBXFileReference; fileEncoding = 4; lastKnownFileType = sourcecode.swift; path = PomodoroTimerState.swift; sourceTree = "<group>"; };
		35E000B52911F531009D284D /* PomodoroStage.swift */ = {isa = PBXFileReference; fileEncoding = 4; lastKnownFileType = sourcecode.swift; path = PomodoroStage.swift; sourceTree = "<group>"; };
		35E000B62911F531009D284D /* PomodoroTicker.swift */ = {isa = PBXFileReference; fileEncoding = 4; lastKnownFileType = sourcecode.swift; path = PomodoroTicker.swift; sourceTree = "<group>"; };
		35E000B82911F531009D284D /* PomodoroView.swift */ = {isa = PBXFileReference; fileEncoding = 4; lastKnownFileType = sourcecode.swift; path = PomodoroView.swift; sourceTree = "<group>"; };
		35E0FFFE2911EEF2009D284D /* TapIn.app */ = {isa = PBXFileReference; explicitFileType = wrapper.application; includeInIndex = 0; path = TapIn.app; sourceTree = BUILT_PRODUCTS_DIR; };
		35E6F17F2924EFB70066E7A2 /* NotificationManager.swift */ = {isa = PBXFileReference; lastKnownFileType = sourcecode.swift; path = NotificationManager.swift; sourceTree = "<group>"; };
		35E9CE4229198A7B0019DDE8 /* SubscriptionSettingsState.swift */ = {isa = PBXFileReference; lastKnownFileType = sourcecode.swift; path = SubscriptionSettingsState.swift; sourceTree = "<group>"; };
		35E9CE472919AEEE0019DDE8 /* SubscriptionProducts.swift */ = {isa = PBXFileReference; lastKnownFileType = sourcecode.swift; path = SubscriptionProducts.swift; sourceTree = "<group>"; };
		35E9CE492919B6EA0019DDE8 /* SubscriptionManager.swift */ = {isa = PBXFileReference; lastKnownFileType = sourcecode.swift; path = SubscriptionManager.swift; sourceTree = "<group>"; };
		35F3D566291B0A6F0050E3A9 /* FolderView.swift */ = {isa = PBXFileReference; lastKnownFileType = sourcecode.swift; path = FolderView.swift; sourceTree = "<group>"; };
		35F3D568291B0A900050E3A9 /* FolderState.swift */ = {isa = PBXFileReference; lastKnownFileType = sourcecode.swift; path = FolderState.swift; sourceTree = "<group>"; };
		35F3D56A291B0D560050E3A9 /* FormInputs.swift */ = {isa = PBXFileReference; lastKnownFileType = sourcecode.swift; path = FormInputs.swift; sourceTree = "<group>"; };
		35F3D56C291B2A790050E3A9 /* ClampedFormatter.swift */ = {isa = PBXFileReference; lastKnownFileType = sourcecode.swift; path = ClampedFormatter.swift; sourceTree = "<group>"; };
		35F3D56E291B37C40050E3A9 /* BottomBarLauncherSettings.swift */ = {isa = PBXFileReference; lastKnownFileType = sourcecode.swift; path = BottomBarLauncherSettings.swift; sourceTree = "<group>"; };
		35F3D570291B45C90050E3A9 /* NSNotification.Name+.swift */ = {isa = PBXFileReference; lastKnownFileType = sourcecode.swift; path = "NSNotification.Name+.swift"; sourceTree = "<group>"; };
		35F3D572291B58E90050E3A9 /* UserDefaultsManager.swift */ = {isa = PBXFileReference; lastKnownFileType = sourcecode.swift; path = UserDefaultsManager.swift; sourceTree = "<group>"; };
		35F3D574291B5DD70050E3A9 /* ComponentActivityTracker.swift */ = {isa = PBXFileReference; lastKnownFileType = sourcecode.swift; name = ComponentActivityTracker.swift; path = TapIn/Scenes/Workspace/Other/ComponentActivityTracker.swift; sourceTree = SOURCE_ROOT; };
		35F3D576291B64DD0050E3A9 /* PropertyWrappers.swift */ = {isa = PBXFileReference; lastKnownFileType = sourcecode.swift; path = PropertyWrappers.swift; sourceTree = "<group>"; };
		35F3D578291B74BE0050E3A9 /* LauncherInstanceListControlButtons.swift */ = {isa = PBXFileReference; lastKnownFileType = sourcecode.swift; path = LauncherInstanceListControlButtons.swift; sourceTree = "<group>"; };
		35F3D57A291B82AD0050E3A9 /* SessionHistoryCharter.swift */ = {isa = PBXFileReference; lastKnownFileType = sourcecode.swift; path = SessionHistoryCharter.swift; sourceTree = "<group>"; };
		35F3D57C291B82CF0050E3A9 /* TimeGranularity.swift */ = {isa = PBXFileReference; lastKnownFileType = sourcecode.swift; path = TimeGranularity.swift; sourceTree = "<group>"; };
		35F3D57E291B83280050E3A9 /* IntervalHolder.swift */ = {isa = PBXFileReference; lastKnownFileType = sourcecode.swift; path = IntervalHolder.swift; sourceTree = "<group>"; };
		DC02823F03E1DB59824ADC39 /* StatisticsState.swift */ = {isa = PBXFileReference; fileEncoding = 4; lastKnownFileType = sourcecode.swift; path = StatisticsState.swift; sourceTree = "<group>"; };
/* End PBXFileReference section */

/* Begin PBXFrameworksBuildPhase section */
		351C42ED2920A99400B6A843 /* Frameworks */ = {
			isa = PBXFrameworksBuildPhase;
			buildActionMask = 2147483647;
			files = (
				351C42F12920A99400B6A843 /* NetworkExtension.framework in Frameworks */,
			);
			runOnlyForDeploymentPostprocessing = 0;
		};
		35E0000C2911EEF3009D284D /* Frameworks */ = {
			isa = PBXFrameworksBuildPhase;
			buildActionMask = 2147483647;
			files = (
			);
			runOnlyForDeploymentPostprocessing = 0;
		};
		35E000162911EEF3009D284D /* Frameworks */ = {
			isa = PBXFrameworksBuildPhase;
			buildActionMask = 2147483647;
			files = (
			);
			runOnlyForDeploymentPostprocessing = 0;
		};
		35E0FFFB2911EEF2009D284D /* Frameworks */ = {
			isa = PBXFrameworksBuildPhase;
			buildActionMask = 2147483647;
			files = (
				3505D2482911FBA9008B7274 /* RealmSwift in Frameworks */,
				354BDD30292190FA002AA4C1 /* NetworkExtension.framework in Frameworks */,
				3505D2462911FBA9008B7274 /* Realm in Frameworks */,
			);
			runOnlyForDeploymentPostprocessing = 0;
		};
/* End PBXFrameworksBuildPhase section */

/* Begin PBXGroup section */
		351C42F22920A99400B6A843 /* ContentFilterExtension */ = {
			isa = PBXGroup;
			children = (
				351C42F32920A99400B6A843 /* FilterDataProvider.swift */,
				351C42F52920A99400B6A843 /* main.swift */,
				351C42F72920A99400B6A843 /* Info.plist */,
				351C42F82920A99400B6A843 /* ContentFilterExtension.entitlements */,
			);
			path = ContentFilterExtension;
			sourceTree = "<group>";
		};
		3542DC2B2917569200F7A9D8 /* Components */ = {
			isa = PBXGroup;
			children = (
				35E000872911F531009D284D /* TappableAppIconView.swift */,
				3542DC292917568C00F7A9D8 /* DefaultAppSelectorView.swift */,
				3542DC302917805200F7A9D8 /* EditableLauncherNameView.swift */,
				35F3D56E291B37C40050E3A9 /* BottomBarLauncherSettings.swift */,
			);
			path = Components;
			sourceTree = "<group>";
		};
		3542DC382917967400F7A9D8 /* SidebarButtons */ = {
			isa = PBXGroup;
			children = (
				35E0006E2911F531009D284D /* SidebarButtonToWorkspace.swift */,
				35693E5A2915851500F1966D /* SidebarButtonToFolder.swift */,
				3542DC34291795A500F7A9D8 /* CoreSidebarButton.swift */,
				3542DC36291795C300F7A9D8 /* DynamicSidebarButton.swift */,
			);
			path = SidebarButtons;
			sourceTree = "<group>";
		};
		3542DC3D2917E27D00F7A9D8 /* Config */ = {
			isa = PBXGroup;
			children = (
				3542DC3E2917E2BA00F7A9D8 /* StoreKitConfig.storekit */,
			);
			path = Config;
			sourceTree = "<group>";
		};
		3542DC402917E4ED00F7A9D8 /* SubscriptionSettings */ = {
			isa = PBXGroup;
			children = (
				3542DC432917E4F900F7A9D8 /* Models */,
				3542DC422917E4F400F7A9D8 /* Views */,
				3542DC412917E4F000F7A9D8 /* ViewModels */,
			);
			path = SubscriptionSettings;
			sourceTree = "<group>";
		};
		3542DC412917E4F000F7A9D8 /* ViewModels */ = {
			isa = PBXGroup;
			children = (
				35E9CE4229198A7B0019DDE8 /* SubscriptionSettingsState.swift */,
			);
			path = ViewModels;
			sourceTree = "<group>";
		};
		3542DC422917E4F400F7A9D8 /* Views */ = {
			isa = PBXGroup;
			children = (
				3542DC452917E50500F7A9D8 /* SubscriptionSettingsView.swift */,
			);
			path = Views;
			sourceTree = "<group>";
		};
		3542DC432917E4F900F7A9D8 /* Models */ = {
			isa = PBXGroup;
			children = (
				35E9CE472919AEEE0019DDE8 /* SubscriptionProducts.swift */,
				35E9CE492919B6EA0019DDE8 /* SubscriptionManager.swift */,
			);
			path = Models;
			sourceTree = "<group>";
		};
		3565B4BA2923556C00A5AB8C /* Components */ = {
			isa = PBXGroup;
			children = (
				3565B4BC2923557B00A5AB8C /* ButtonWithPopover.swift */,
			);
			path = Components;
			sourceTree = "<group>";
		};
		35693E602915DA8A00F1966D /* Other */ = {
			isa = PBXGroup;
			children = (
				35F3D574291B5DD70050E3A9 /* ComponentActivityTracker.swift */,
				35693E5E2915C34400F1966D /* WorkspaceCoordinator.swift */,
				35693E612915DAD000F1966D /* WorkspaceComponentViewModel.swift */,
			);
			path = Other;
			sourceTree = "<group>";
		};
		35693E632915DFEA00F1966D /* Models */ = {
			isa = PBXGroup;
			children = (
				35693E642915DFF300F1966D /* BlacklistedWebsite.swift */,
				35D366B12923036D004C262A /* BlockerError.swift */,
			);
			path = Models;
			sourceTree = "<group>";
		};
		356FB74B29208A1500266E0B /* Frameworks */ = {
			isa = PBXGroup;
			children = (
				356FB74C29208A1500266E0B /* NetworkExtension.framework */,
			);
			name = Frameworks;
			sourceTree = "<group>";
		};
		35AD05F72912EB6D00837016 /* Notes */ = {
			isa = PBXGroup;
			children = (
				35AD05F92912EDDC00837016 /* Models */,
				35AD05FA2912EDE800837016 /* Views */,
				35AD05F82912EDD900837016 /* ViewModels */,
			);
			path = Notes;
			sourceTree = "<group>";
		};
		35AD05F82912EDD900837016 /* ViewModels */ = {
			isa = PBXGroup;
			children = (
			);
			path = ViewModels;
			sourceTree = "<group>";
		};
		35AD05F92912EDDC00837016 /* Models */ = {
			isa = PBXGroup;
			children = (
			);
			path = Models;
			sourceTree = "<group>";
		};
		35AD05FA2912EDE800837016 /* Views */ = {
			isa = PBXGroup;
			children = (
				35AD05FC2912EDF800837016 /* NotesView.swift */,
			);
			path = Views;
			sourceTree = "<group>";
		};
		35AD0601291327CF00837016 /* Statistics */ = {
			isa = PBXGroup;
			children = (
				35AD0603291327D500837016 /* Models */,
				35AD0602291327D300837016 /* ViewModels */,
				35AD0604291327D800837016 /* Views */,
			);
			path = Statistics;
			sourceTree = "<group>";
		};
		35AD0602291327D300837016 /* ViewModels */ = {
			isa = PBXGroup;
			children = (
				DC02823F03E1DB59824ADC39 /* StatisticsState.swift */,
			);
			path = ViewModels;
			sourceTree = "<group>";
		};
		35AD0603291327D500837016 /* Models */ = {
			isa = PBXGroup;
			children = (
				35AD06062913280D00837016 /* SessionHistoryQueryer.swift */,
				3597800429141729004FBDAE /* SessionModel.swift */,
				35F3D57A291B82AD0050E3A9 /* SessionHistoryCharter.swift */,
				35F3D57C291B82CF0050E3A9 /* TimeGranularity.swift */,
				35F3D57E291B83280050E3A9 /* IntervalHolder.swift */,
			);
			path = Models;
			sourceTree = "<group>";
		};
		35AD0604291327D800837016 /* Views */ = {
			isa = PBXGroup;
			children = (
				359780022913FB44004FBDAE /* StatisticsView.swift */,
				356E7F672925CEA700E81C67 /* TotalTimeWorkedBoxComponent.swift */,
			);
			path = Views;
			sourceTree = "<group>";
		};
		35AE0D342920816F003438EF /* Other */ = {
			isa = PBXGroup;
			children = (
				356FB762292099D900266E0B /* ContentBlocker.swift */,
			);
			path = Other;
			sourceTree = "<group>";
		};
		35E000002911EEF2009D284D /* TapIn */ = {
			isa = PBXGroup;
			children = (
				3542DC3D2917E27D00F7A9D8 /* Config */,
				35E000652911F531009D284D /* Scenes */,
				35E000072911EEF3009D284D /* Preview Content */,
				35E0002F2911EF08009D284D /* Persistence */,
				35E0002E2911EF05009D284D /* Helpers */,
				35E0002D2911EF02009D284D /* Extensions */,
				35E000012911EEF2009D284D /* TapInApp.swift */,
				35E000052911EEF3009D284D /* Assets.xcassets */,
				35E0000A2911EEF3009D284D /* TapIn.entitlements */,
				3525F779291AFB62006A3A7B /* Info.plist */,
				35E000382911F382009D284D /* NuclearWasteland.swift */,
			);
			path = TapIn;
			sourceTree = "<group>";
		};
		35E000072911EEF3009D284D /* Preview Content */ = {
			isa = PBXGroup;
			children = (
				35E000082911EEF3009D284D /* Preview Assets.xcassets */,
			);
			path = "Preview Content";
			sourceTree = "<group>";
		};
		35E000122911EEF3009D284D /* TapInTests */ = {
			isa = PBXGroup;
			children = (
				35E000132911EEF3009D284D /* TapInTests.swift */,
			);
			path = TapInTests;
			sourceTree = "<group>";
		};
		35E0001C2911EEF3009D284D /* TapInUITests */ = {
			isa = PBXGroup;
			children = (
				35E0001D2911EEF3009D284D /* TapInUITests.swift */,
				35E0001F2911EEF3009D284D /* TapInUITestsLaunchTests.swift */,
			);
			path = TapInUITests;
			sourceTree = "<group>";
		};
		35E0002D2911EF02009D284D /* Extensions */ = {
			isa = PBXGroup;
			children = (
				35E000472911F434009D284D /* Realm */,
				35E0003F2911F400009D284D /* Color+.swift */,
				35E000412911F40C009D284D /* Collection+.swift */,
				35E000452911F41F009D284D /* String+.swift */,
				35F3D570291B45C90050E3A9 /* NSNotification.Name+.swift */,
			);
			path = Extensions;
			sourceTree = "<group>";
		};
		35E0002E2911EF05009D284D /* Helpers */ = {
			isa = PBXGroup;
			children = (
				3565B4BA2923556C00A5AB8C /* Components */,
				35E0004A2911F446009D284D /* SwiftUI */,
				35E0004F2911F47D009D284D /* SwiftUIHelpers.swift */,
				3542DC3B2917C39300F7A9D8 /* Constants.swift */,
				35F3D572291B58E90050E3A9 /* UserDefaultsManager.swift */,
				35F3D576291B64DD0050E3A9 /* PropertyWrappers.swift */,
				35E6F17F2924EFB70066E7A2 /* NotificationManager.swift */,
			);
			path = Helpers;
			sourceTree = "<group>";
		};
		35E0002F2911EF08009D284D /* Persistence */ = {
			isa = PBXGroup;
			children = (
				35E000532911F49F009D284D /* RealmManager.swift */,
				35E000552911F4AB009D284D /* PomodoroDB.swift */,
				35E000512911F493009D284D /* WorkspaceDB.swift */,
				35E000572911F4B6009D284D /* BlockerDB.swift */,
				35E0005B2911F4D4009D284D /* LauncherInstanceDB.swift */,
				35E0005D2911F4E5009D284D /* LauncherDB.swift */,
				35E0005F2911F4F4009D284D /* SessionDB.swift */,
				35AD05FE2912F18700837016 /* NoteDB.swift */,
				35693E5829157D5200F1966D /* FolderDB.swift */,
			);
			path = Persistence;
			sourceTree = "<group>";
		};
		35E000472911F434009D284D /* Realm */ = {
			isa = PBXGroup;
			children = (
				35E000482911F43B009D284D /* CustomPersistables.swift */,
			);
			path = Realm;
			sourceTree = "<group>";
		};
		35E0004A2911F446009D284D /* SwiftUI */ = {
			isa = PBXGroup;
			children = (
				35E0004B2911F44E009D284D /* ViewModifiers.swift */,
				3542DC32291787D100F7A9D8 /* CustomEnvironmentValues.swift */,
			);
			path = SwiftUI;
			sourceTree = "<group>";
		};
		35E000652911F531009D284D /* Scenes */ = {
			isa = PBXGroup;
			children = (
				35F3D561291B0A590050E3A9 /* Folder */,
				35AD0601291327CF00837016 /* Statistics */,
				35AD05F72912EB6D00837016 /* Notes */,
				35E000662911F531009D284D /* Sidebar */,
				35E000722911F531009D284D /* Preferences */,
				35E000802911F531009D284D /* Launcher */,
				35E0008D2911F531009D284D /* Radio */,
				35E000952911F531009D284D /* Workspace */,
				35E0009C2911F531009D284D /* Blocker */,
				35E000A12911F531009D284D /* BottomMenu */,
				35E000AE2911F531009D284D /* Pomodoro */,
			);
			path = Scenes;
			sourceTree = "<group>";
		};
		35E000662911F531009D284D /* Sidebar */ = {
			isa = PBXGroup;
			children = (
				35E000672911F531009D284D /* ViewModels */,
				35E0006A2911F531009D284D /* Models */,
				35E0006C2911F531009D284D /* Views */,
			);
			path = Sidebar;
			sourceTree = "<group>";
		};
		35E000672911F531009D284D /* ViewModels */ = {
			isa = PBXGroup;
			children = (
				35E000682911F531009D284D /* SidebarState.swift */,
			);
			path = ViewModels;
			sourceTree = "<group>";
		};
		35E0006A2911F531009D284D /* Models */ = {
			isa = PBXGroup;
			children = (
				35E0004D2911F46B009D284D /* SidebarListItem.swift */,
			);
			path = Models;
			sourceTree = "<group>";
		};
		35E0006C2911F531009D284D /* Views */ = {
			isa = PBXGroup;
			children = (
				3542DC382917967400F7A9D8 /* SidebarButtons */,
				35E000702911F531009D284D /* SidebarView.swift */,
				356E7F692925D76A00E81C67 /* FolderDisclosureGroup.swift */,
			);
			path = Views;
			sourceTree = "<group>";
		};
		35E000722911F531009D284D /* Preferences */ = {
			isa = PBXGroup;
			children = (
				35E9CE442919AE2D0019DDE8 /* Scenes */,
				35E000732911F531009D284D /* ViewModels */,
				35E000742911F531009D284D /* Models */,
				35E000752911F531009D284D /* Views */,
			);
			path = Preferences;
			sourceTree = "<group>";
		};
		35E000732911F531009D284D /* ViewModels */ = {
			isa = PBXGroup;
			children = (
			);
			path = ViewModels;
			sourceTree = "<group>";
		};
		35E000742911F531009D284D /* Models */ = {
			isa = PBXGroup;
			children = (
			);
			path = Models;
			sourceTree = "<group>";
		};
		35E000752911F531009D284D /* Views */ = {
			isa = PBXGroup;
			children = (
				35E000772911F531009D284D /* SettingsView.swift */,
				35E000792911F531009D284D /* GeneralSettingsView.swift */,
			);
			path = Views;
			sourceTree = "<group>";
		};
		35E000802911F531009D284D /* Launcher */ = {
			isa = PBXGroup;
			children = (
				35E000812911F531009D284D /* ViewModels */,
				35E000832911F531009D284D /* Models */,
				35E000852911F531009D284D /* Views */,
			);
			path = Launcher;
			sourceTree = "<group>";
		};
		35E000812911F531009D284D /* ViewModels */ = {
			isa = PBXGroup;
			children = (
				35E000822911F531009D284D /* LauncherState.swift */,
			);
			path = ViewModels;
			sourceTree = "<group>";
		};
		35E000832911F531009D284D /* Models */ = {
			isa = PBXGroup;
			children = (
				35E000842911F531009D284D /* LauncherModelExtra.swift */,
				35693E6A291624C100F1966D /* FileLauncherModel.swift */,
				35693E6E2916251400F1966D /* WebLauncherModel.swift */,
				35693E702916256600F1966D /* AppLauncher.swift */,
				35693E722916261A00F1966D /* FolderLauncher.swift */,
			);
			path = Models;
			sourceTree = "<group>";
		};
		35E000852911F531009D284D /* Views */ = {
			isa = PBXGroup;
			children = (
				3542DC2B2917569200F7A9D8 /* Components */,
				35E000862911F531009D284D /* LauncherView.swift */,
				35E0008B2911F531009D284D /* LauncherTypeSelectionPopoverView.swift */,
				3542DC2729172C0700F7A9D8 /* FileSystemInstanceLauncherView.swift */,
				3542DC2C291762ED00F7A9D8 /* WebBasedInstanceLauncherView.swift */,
				3542DC2E291763F700F7A9D8 /* WebInstanceNameAndUrlEditorView.swift */,
				35F3D578291B74BE0050E3A9 /* LauncherInstanceListControlButtons.swift */,
			);
			path = Views;
			sourceTree = "<group>";
		};
		35E0008D2911F531009D284D /* Radio */ = {
			isa = PBXGroup;
			children = (
				35E0008E2911F531009D284D /* ViewModels */,
				35E000902911F531009D284D /* Models */,
				35E000932911F531009D284D /* Views */,
			);
			path = Radio;
			sourceTree = "<group>";
		};
		35E0008E2911F531009D284D /* ViewModels */ = {
			isa = PBXGroup;
			children = (
				35E0008F2911F531009D284D /* RadioState.swift */,
			);
			path = ViewModels;
			sourceTree = "<group>";
		};
		35E000902911F531009D284D /* Models */ = {
			isa = PBXGroup;
			children = (
				35E000912911F531009D284D /* RadioChannel.swift */,
				35E000922911F531009D284D /* RadioPlayer.swift */,
			);
			path = Models;
			sourceTree = "<group>";
		};
		35E000932911F531009D284D /* Views */ = {
			isa = PBXGroup;
			children = (
				35E000942911F531009D284D /* RadioView.swift */,
			);
			path = Views;
			sourceTree = "<group>";
		};
		35E000952911F531009D284D /* Workspace */ = {
			isa = PBXGroup;
			children = (
				35693E602915DA8A00F1966D /* Other */,
				35E000962911F531009D284D /* ViewModels */,
				35E000982911F531009D284D /* Models */,
				35E0009A2911F531009D284D /* Views */,
			);
			path = Workspace;
			sourceTree = "<group>";
		};
		35E000962911F531009D284D /* ViewModels */ = {
			isa = PBXGroup;
			children = (
				35E000972911F531009D284D /* WorkspaceState.swift */,
			);
			path = ViewModels;
			sourceTree = "<group>";
		};
		35E000982911F531009D284D /* Models */ = {
			isa = PBXGroup;
			children = (
				354A59B42924A2FE0034B2E0 /* WorkspaceComponentStatus.swift */,
			);
			path = Models;
			sourceTree = "<group>";
		};
		35E0009A2911F531009D284D /* Views */ = {
			isa = PBXGroup;
			children = (
				35E0009B2911F531009D284D /* WorkspaceView.swift */,
			);
			path = Views;
			sourceTree = "<group>";
		};
		35E0009C2911F531009D284D /* Blocker */ = {
			isa = PBXGroup;
			children = (
				35AE0D342920816F003438EF /* Other */,
				35693E632915DFEA00F1966D /* Models */,
				35E0009D2911F531009D284D /* ViewModels */,
				35E0009F2911F531009D284D /* Views */,
			);
			path = Blocker;
			sourceTree = "<group>";
		};
		35E0009D2911F531009D284D /* ViewModels */ = {
			isa = PBXGroup;
			children = (
				35E0009E2911F531009D284D /* BlockerState.swift */,
			);
			path = ViewModels;
			sourceTree = "<group>";
		};
		35E0009F2911F531009D284D /* Views */ = {
			isa = PBXGroup;
			children = (
				35E000A02911F531009D284D /* BlockerView.swift */,
			);
			path = Views;
			sourceTree = "<group>";
		};
		35E000A12911F531009D284D /* BottomMenu */ = {
			isa = PBXGroup;
			children = (
				35E000A22911F531009D284D /* ViewModels */,
				35E000A32911F531009D284D /* Scenes */,
				35E000A72911F531009D284D /* Models */,
				35E000AA2911F531009D284D /* Views */,
			);
			path = BottomMenu;
			sourceTree = "<group>";
		};
		35E000A22911F531009D284D /* ViewModels */ = {
			isa = PBXGroup;
			children = (
			);
			path = ViewModels;
			sourceTree = "<group>";
		};
		35E000A32911F531009D284D /* Scenes */ = {
			isa = PBXGroup;
			children = (
				35E000A42911F531009D284D /* MusicPlayer */,
			);
			path = Scenes;
			sourceTree = "<group>";
		};
		35E000A42911F531009D284D /* MusicPlayer */ = {
			isa = PBXGroup;
			children = (
				35E000A52911F531009D284D /* Views */,
			);
			path = MusicPlayer;
			sourceTree = "<group>";
		};
		35E000A52911F531009D284D /* Views */ = {
			isa = PBXGroup;
			children = (
				35E000A62911F531009D284D /* RadioBottomMenuController.swift */,
			);
			path = Views;
			sourceTree = "<group>";
		};
		35E000A72911F531009D284D /* Models */ = {
			isa = PBXGroup;
			children = (
				35E000A82911F531009D284D /* WorkspaceTab.swift */,
				35E000A92911F531009D284D /* Direction.swift */,
			);
			path = Models;
			sourceTree = "<group>";
		};
		35E000AA2911F531009D284D /* Views */ = {
			isa = PBXGroup;
			children = (
				35E000AB2911F531009D284D /* InactiveBottomMenu.swift */,
				35E000AC2911F531009D284D /* BottomMenu.swift */,
				35E000AD2911F531009D284D /* ActiveBottomMenu.swift */,
			);
			path = Views;
			sourceTree = "<group>";
		};
		35E000AE2911F531009D284D /* Pomodoro */ = {
			isa = PBXGroup;
			children = (
				35E000AF2911F531009D284D /* ViewModels */,
				35E000B12911F531009D284D /* Models */,
				35E000B72911F531009D284D /* Views */,
			);
			path = Pomodoro;
			sourceTree = "<group>";
		};
		35E000AF2911F531009D284D /* ViewModels */ = {
			isa = PBXGroup;
			children = (
				35E000B02911F531009D284D /* PomodoroState.swift */,
			);
			path = ViewModels;
			sourceTree = "<group>";
		};
		35E000B12911F531009D284D /* Models */ = {
			isa = PBXGroup;
			children = (
				35E000B22911F531009D284D /* PomodoroStageState.swift */,
				35E000B32911F531009D284D /* TimerMode.swift */,
				35E000B42911F531009D284D /* PomodoroTimerState.swift */,
				35E000B52911F531009D284D /* PomodoroStage.swift */,
				35E000B62911F531009D284D /* PomodoroTicker.swift */,
			);
			path = Models;
			sourceTree = "<group>";
		};
		35E000B72911F531009D284D /* Views */ = {
			isa = PBXGroup;
			children = (
				35E000B82911F531009D284D /* PomodoroView.swift */,
				3542DC392917ACE500F7A9D8 /* ProgressCircleView.swift */,
			);
			path = Views;
			sourceTree = "<group>";
		};
		35E0FFF52911EEF2009D284D = {
			isa = PBXGroup;
			children = (
				35E000002911EEF2009D284D /* TapIn */,
				35E000122911EEF3009D284D /* TapInTests */,
				35E0001C2911EEF3009D284D /* TapInUITests */,
				351C42F22920A99400B6A843 /* ContentFilterExtension */,
				356FB74B29208A1500266E0B /* Frameworks */,
				35E0FFFF2911EEF2009D284D /* Products */,
			);
			sourceTree = "<group>";
		};
		35E0FFFF2911EEF2009D284D /* Products */ = {
			isa = PBXGroup;
			children = (
				35E0FFFE2911EEF2009D284D /* TapIn.app */,
				35E0000F2911EEF3009D284D /* TapInTests.xctest */,
				35E000192911EEF3009D284D /* TapInUITests.xctest */,
				351C42F02920A99400B6A843 /* tapin.TapIn.ContentFilterExtension.systemextension */,
			);
			name = Products;
			sourceTree = "<group>";
		};
		35E9CE442919AE2D0019DDE8 /* Scenes */ = {
			isa = PBXGroup;
			children = (
				3542DC402917E4ED00F7A9D8 /* SubscriptionSettings */,
			);
			path = Scenes;
			sourceTree = "<group>";
		};
		35F3D561291B0A590050E3A9 /* Folder */ = {
			isa = PBXGroup;
			children = (
				35F3D564291B0A610050E3A9 /* Models */,
				35F3D563291B0A5F0050E3A9 /* Views */,
				35F3D562291B0A5C0050E3A9 /* ViewModels */,
			);
			path = Folder;
			sourceTree = "<group>";
		};
		35F3D562291B0A5C0050E3A9 /* ViewModels */ = {
			isa = PBXGroup;
			children = (
				35F3D568291B0A900050E3A9 /* FolderState.swift */,
			);
			path = ViewModels;
			sourceTree = "<group>";
		};
		35F3D563291B0A5F0050E3A9 /* Views */ = {
			isa = PBXGroup;
			children = (
				35F3D566291B0A6F0050E3A9 /* FolderView.swift */,
			);
			path = Views;
			sourceTree = "<group>";
		};
		35F3D564291B0A610050E3A9 /* Models */ = {
			isa = PBXGroup;
			children = (
				35F3D56A291B0D560050E3A9 /* FormInputs.swift */,
				35F3D56C291B2A790050E3A9 /* ClampedFormatter.swift */,
			);
			path = Models;
			sourceTree = "<group>";
		};
/* End PBXGroup section */

/* Begin PBXNativeTarget section */
		351C42EF2920A99400B6A843 /* ContentFilterExtension */ = {
			isa = PBXNativeTarget;
			buildConfigurationList = 351C42FE2920A99400B6A843 /* Build configuration list for PBXNativeTarget "ContentFilterExtension" */;
			buildPhases = (
				351C42EC2920A99400B6A843 /* Sources */,
				351C42ED2920A99400B6A843 /* Frameworks */,
				351C42EE2920A99400B6A843 /* Resources */,
			);
			buildRules = (
			);
			dependencies = (
			);
			name = ContentFilterExtension;
			productName = ContentFilterExtension;
			productReference = 351C42F02920A99400B6A843 /* tapin.TapIn.ContentFilterExtension.systemextension */;
			productType = "com.apple.product-type.system-extension";
		};
		35E0000E2911EEF3009D284D /* TapInTests */ = {
			isa = PBXNativeTarget;
			buildConfigurationList = 35E000262911EEF3009D284D /* Build configuration list for PBXNativeTarget "TapInTests" */;
			buildPhases = (
				35E0000B2911EEF3009D284D /* Sources */,
				35E0000C2911EEF3009D284D /* Frameworks */,
				35E0000D2911EEF3009D284D /* Resources */,
			);
			buildRules = (
			);
			dependencies = (
				35E000112911EEF3009D284D /* PBXTargetDependency */,
			);
			name = TapInTests;
			productName = TapInTests;
			productReference = 35E0000F2911EEF3009D284D /* TapInTests.xctest */;
			productType = "com.apple.product-type.bundle.unit-test";
		};
		35E000182911EEF3009D284D /* TapInUITests */ = {
			isa = PBXNativeTarget;
			buildConfigurationList = 35E000292911EEF3009D284D /* Build configuration list for PBXNativeTarget "TapInUITests" */;
			buildPhases = (
				35E000152911EEF3009D284D /* Sources */,
				35E000162911EEF3009D284D /* Frameworks */,
				35E000172911EEF3009D284D /* Resources */,
			);
			buildRules = (
			);
			dependencies = (
				35E0001B2911EEF3009D284D /* PBXTargetDependency */,
			);
			name = TapInUITests;
			productName = TapInUITests;
			productReference = 35E000192911EEF3009D284D /* TapInUITests.xctest */;
			productType = "com.apple.product-type.bundle.ui-testing";
		};
		35E0FFFD2911EEF2009D284D /* TapIn */ = {
			isa = PBXNativeTarget;
			buildConfigurationList = 35E000232911EEF3009D284D /* Build configuration list for PBXNativeTarget "TapIn" */;
			buildPhases = (
				35E0FFFA2911EEF2009D284D /* Sources */,
				35E0FFFB2911EEF2009D284D /* Frameworks */,
				35E0FFFC2911EEF2009D284D /* Resources */,
				356FB7422920872D00266E0B /* Embed System Extensions */,
			);
			buildRules = (
			);
			dependencies = (
				351C42FA2920A99400B6A843 /* PBXTargetDependency */,
			);
			name = TapIn;
			packageProductDependencies = (
				3505D2452911FBA9008B7274 /* Realm */,
				3505D2472911FBA9008B7274 /* RealmSwift */,
			);
			productName = TapIn;
			productReference = 35E0FFFE2911EEF2009D284D /* TapIn.app */;
			productType = "com.apple.product-type.application";
		};
/* End PBXNativeTarget section */

/* Begin PBXProject section */
		35E0FFF62911EEF2009D284D /* Project object */ = {
			isa = PBXProject;
			attributes = {
				BuildIndependentTargetsInParallel = 1;
				LastSwiftUpdateCheck = 1410;
				LastUpgradeCheck = 1410;
				TargetAttributes = {
					351C42EF2920A99400B6A843 = {
						CreatedOnToolsVersion = 14.1;
					};
					35E0000E2911EEF3009D284D = {
						CreatedOnToolsVersion = 14.1;
						TestTargetID = 35E0FFFD2911EEF2009D284D;
					};
					35E000182911EEF3009D284D = {
						CreatedOnToolsVersion = 14.1;
						TestTargetID = 35E0FFFD2911EEF2009D284D;
					};
					35E0FFFD2911EEF2009D284D = {
						CreatedOnToolsVersion = 14.1;
					};
				};
			};
			buildConfigurationList = 35E0FFF92911EEF2009D284D /* Build configuration list for PBXProject "TapIn" */;
			compatibilityVersion = "Xcode 14.0";
			developmentRegion = en;
			hasScannedForEncodings = 0;
			knownRegions = (
				en,
				Base,
			);
			mainGroup = 35E0FFF52911EEF2009D284D;
			packageReferences = (
				3505D2442911FBA9008B7274 /* XCRemoteSwiftPackageReference "realm-swift" */,
			);
			productRefGroup = 35E0FFFF2911EEF2009D284D /* Products */;
			projectDirPath = "";
			projectRoot = "";
			targets = (
				35E0FFFD2911EEF2009D284D /* TapIn */,
				35E0000E2911EEF3009D284D /* TapInTests */,
				35E000182911EEF3009D284D /* TapInUITests */,
				351C42EF2920A99400B6A843 /* ContentFilterExtension */,
			);
		};
/* End PBXProject section */

/* Begin PBXResourcesBuildPhase section */
		351C42EE2920A99400B6A843 /* Resources */ = {
			isa = PBXResourcesBuildPhase;
			buildActionMask = 2147483647;
			files = (
			);
			runOnlyForDeploymentPostprocessing = 0;
		};
		35E0000D2911EEF3009D284D /* Resources */ = {
			isa = PBXResourcesBuildPhase;
			buildActionMask = 2147483647;
			files = (
			);
			runOnlyForDeploymentPostprocessing = 0;
		};
		35E000172911EEF3009D284D /* Resources */ = {
			isa = PBXResourcesBuildPhase;
			buildActionMask = 2147483647;
			files = (
			);
			runOnlyForDeploymentPostprocessing = 0;
		};
		35E0FFFC2911EEF2009D284D /* Resources */ = {
			isa = PBXResourcesBuildPhase;
			buildActionMask = 2147483647;
			files = (
				3542DC3F2917E2BA00F7A9D8 /* StoreKitConfig.storekit in Resources */,
				35E000092911EEF3009D284D /* Preview Assets.xcassets in Resources */,
				35E000062911EEF3009D284D /* Assets.xcassets in Resources */,
			);
			runOnlyForDeploymentPostprocessing = 0;
		};
/* End PBXResourcesBuildPhase section */

/* Begin PBXSourcesBuildPhase section */
		351C42EC2920A99400B6A843 /* Sources */ = {
			isa = PBXSourcesBuildPhase;
			buildActionMask = 2147483647;
			files = (
				351C42F62920A99400B6A843 /* main.swift in Sources */,
				351C42F42920A99400B6A843 /* FilterDataProvider.swift in Sources */,
			);
			runOnlyForDeploymentPostprocessing = 0;
		};
		35E0000B2911EEF3009D284D /* Sources */ = {
			isa = PBXSourcesBuildPhase;
			buildActionMask = 2147483647;
			files = (
				35E000142911EEF3009D284D /* TapInTests.swift in Sources */,
			);
			runOnlyForDeploymentPostprocessing = 0;
		};
		35E000152911EEF3009D284D /* Sources */ = {
			isa = PBXSourcesBuildPhase;
			buildActionMask = 2147483647;
			files = (
				35E0001E2911EEF3009D284D /* TapInUITests.swift in Sources */,
				35E000202911EEF3009D284D /* TapInUITestsLaunchTests.swift in Sources */,
			);
			runOnlyForDeploymentPostprocessing = 0;
		};
		35E0FFFA2911EEF2009D284D /* Sources */ = {
			isa = PBXSourcesBuildPhase;
			buildActionMask = 2147483647;
			files = (
				35F3D575291B5DD70050E3A9 /* ComponentActivityTracker.swift in Sources */,
				35F3D57D291B82CF0050E3A9 /* TimeGranularity.swift in Sources */,
				35F3D567291B0A6F0050E3A9 /* FolderView.swift in Sources */,
				3542DC462917E50500F7A9D8 /* SubscriptionSettingsView.swift in Sources */,
				3542DC35291795A500F7A9D8 /* CoreSidebarButton.swift in Sources */,
				356E7F682925CEA700E81C67 /* TotalTimeWorkedBoxComponent.swift in Sources */,
				35E000E12911F531009D284D /* TimerMode.swift in Sources */,
				3542DC2829172C0700F7A9D8 /* FileSystemInstanceLauncherView.swift in Sources */,
				35693E732916261A00F1966D /* FolderLauncher.swift in Sources */,
				35E000D62911F531009D284D /* WorkspaceView.swift in Sources */,
				35AD05FF2912F18700837016 /* NoteDB.swift in Sources */,
				35693E5B2915851500F1966D /* SidebarButtonToFolder.swift in Sources */,
				35E9CE4A2919B6EA0019DDE8 /* SubscriptionManager.swift in Sources */,
				3542DC2A2917568C00F7A9D8 /* DefaultAppSelectorView.swift in Sources */,
				35E000D82911F531009D284D /* BlockerView.swift in Sources */,
				35E0005E2911F4E5009D284D /* LauncherDB.swift in Sources */,
				35E0005C2911F4D4009D284D /* LauncherInstanceDB.swift in Sources */,
				35E000CA2911F531009D284D /* TappableAppIconView.swift in Sources */,
				35E000DD2911F531009D284D /* BottomMenu.swift in Sources */,
				35E000C92911F531009D284D /* LauncherView.swift in Sources */,
				35E000B92911F531009D284D /* SidebarState.swift in Sources */,
				35693E652915DFF300F1966D /* BlacklistedWebsite.swift in Sources */,
				35E000CE2911F531009D284D /* LauncherTypeSelectionPopoverView.swift in Sources */,
				35E000DA2911F531009D284D /* WorkspaceTab.swift in Sources */,
				35E000602911F4F4009D284D /* SessionDB.swift in Sources */,
				3542DC3A2917ACE500F7A9D8 /* ProgressCircleView.swift in Sources */,
				35E000392911F382009D284D /* NuclearWasteland.swift in Sources */,
				359780032913FB44004FBDAE /* StatisticsView.swift in Sources */,
				35E000E32911F531009D284D /* PomodoroStage.swift in Sources */,
				35E000D42911F531009D284D /* WorkspaceState.swift in Sources */,
				35E000DF2911F531009D284D /* PomodoroState.swift in Sources */,
				35E000D72911F531009D284D /* BlockerState.swift in Sources */,
				356E7F6A2925D76A00E81C67 /* FolderDisclosureGroup.swift in Sources */,
				35F3D57B291B82AD0050E3A9 /* SessionHistoryCharter.swift in Sources */,
				35E000402911F400009D284D /* Color+.swift in Sources */,
				35E000BD2911F531009D284D /* SidebarButtonToWorkspace.swift in Sources */,
				35E000502911F47D009D284D /* SwiftUIHelpers.swift in Sources */,
				35E000DE2911F531009D284D /* ActiveBottomMenu.swift in Sources */,
				35E000DC2911F531009D284D /* InactiveBottomMenu.swift in Sources */,
				35E0004C2911F44E009D284D /* ViewModifiers.swift in Sources */,
				356FB763292099D900266E0B /* ContentBlocker.swift in Sources */,
				35E000542911F49F009D284D /* RealmManager.swift in Sources */,
				35F3D56F291B37C40050E3A9 /* BottomBarLauncherSettings.swift in Sources */,
				35E000022911EEF2009D284D /* TapInApp.swift in Sources */,
				35F3D577291B64DD0050E3A9 /* PropertyWrappers.swift in Sources */,
				35E000E22911F531009D284D /* PomodoroTimerState.swift in Sources */,
				3542DC2F291763F700F7A9D8 /* WebInstanceNameAndUrlEditorView.swift in Sources */,
				35E000492911F43B009D284D /* CustomPersistables.swift in Sources */,
				35AD05FD2912EDF800837016 /* NotesView.swift in Sources */,
				3542DC37291795C300F7A9D8 /* DynamicSidebarButton.swift in Sources */,
				35693E5F2915C34400F1966D /* WorkspaceCoordinator.swift in Sources */,
				35E000D02911F531009D284D /* RadioState.swift in Sources */,
				35F3D569291B0A900050E3A9 /* FolderState.swift in Sources */,
				35E000D32911F531009D284D /* RadioView.swift in Sources */,
				35E000BF2911F531009D284D /* SidebarView.swift in Sources */,
				35693E6F2916251400F1966D /* WebLauncherModel.swift in Sources */,
				3542DC33291787D100F7A9D8 /* CustomEnvironmentValues.swift in Sources */,
				35E000582911F4B6009D284D /* BlockerDB.swift in Sources */,
				35E000D12911F531009D284D /* RadioChannel.swift in Sources */,
				35E000E42911F531009D284D /* PomodoroTicker.swift in Sources */,
				35E000D22911F531009D284D /* RadioPlayer.swift in Sources */,
				35E000C82911F531009D284D /* LauncherModelExtra.swift in Sources */,
				35693E5929157D5200F1966D /* FolderDB.swift in Sources */,
				35E9CE4329198A7B0019DDE8 /* SubscriptionSettingsState.swift in Sources */,
				35E000E02911F531009D284D /* PomodoroStageState.swift in Sources */,
				35F3D571291B45C90050E3A9 /* NSNotification.Name+.swift in Sources */,
				35E000C22911F531009D284D /* SettingsView.swift in Sources */,
				35E000E52911F531009D284D /* PomodoroView.swift in Sources */,
				35E9CE482919AEEE0019DDE8 /* SubscriptionProducts.swift in Sources */,
				3542DC2D291762ED00F7A9D8 /* WebBasedInstanceLauncherView.swift in Sources */,
				35E000C72911F531009D284D /* LauncherState.swift in Sources */,
				35693E6B291624C100F1966D /* FileLauncherModel.swift in Sources */,
				35D366B22923036D004C262A /* BlockerError.swift in Sources */,
				35E6F1802924EFB70066E7A2 /* NotificationManager.swift in Sources */,
				35AD06072913280D00837016 /* SessionHistoryQueryer.swift in Sources */,
				3565B4BD2923557B00A5AB8C /* ButtonWithPopover.swift in Sources */,
				35E000D92911F531009D284D /* RadioBottomMenuController.swift in Sources */,
				35E000DB2911F531009D284D /* Direction.swift in Sources */,
				35E0004E2911F46B009D284D /* SidebarListItem.swift in Sources */,
				35E000522911F493009D284D /* WorkspaceDB.swift in Sources */,
				35693E622915DAD000F1966D /* WorkspaceComponentViewModel.swift in Sources */,
				35693E712916256600F1966D /* AppLauncher.swift in Sources */,
				35F3D579291B74BE0050E3A9 /* LauncherInstanceListControlButtons.swift in Sources */,
				35F3D57F291B83280050E3A9 /* IntervalHolder.swift in Sources */,
				35F3D56B291B0D560050E3A9 /* FormInputs.swift in Sources */,
				3542DC312917805200F7A9D8 /* EditableLauncherNameView.swift in Sources */,
				35E000462911F41F009D284D /* String+.swift in Sources */,
				354A59B52924A2FE0034B2E0 /* WorkspaceComponentStatus.swift in Sources */,
				35E000C42911F531009D284D /* GeneralSettingsView.swift in Sources */,
				35E000562911F4AB009D284D /* PomodoroDB.swift in Sources */,
				35E000422911F40C009D284D /* Collection+.swift in Sources */,
				3597800529141729004FBDAE /* SessionModel.swift in Sources */,
				35F3D573291B58E90050E3A9 /* UserDefaultsManager.swift in Sources */,
				DC0280BE4E4B255B10AA9422 /* StatisticsState.swift in Sources */,
				3542DC3C2917C39300F7A9D8 /* Constants.swift in Sources */,
				35F3D56D291B2A790050E3A9 /* ClampedFormatter.swift in Sources */,
			);
			runOnlyForDeploymentPostprocessing = 0;
		};
/* End PBXSourcesBuildPhase section */

/* Begin PBXTargetDependency section */
		351C42FA2920A99400B6A843 /* PBXTargetDependency */ = {
			isa = PBXTargetDependency;
			target = 351C42EF2920A99400B6A843 /* ContentFilterExtension */;
			targetProxy = 351C42F92920A99400B6A843 /* PBXContainerItemProxy */;
		};
		35E000112911EEF3009D284D /* PBXTargetDependency */ = {
			isa = PBXTargetDependency;
			target = 35E0FFFD2911EEF2009D284D /* TapIn */;
			targetProxy = 35E000102911EEF3009D284D /* PBXContainerItemProxy */;
		};
		35E0001B2911EEF3009D284D /* PBXTargetDependency */ = {
			isa = PBXTargetDependency;
			target = 35E0FFFD2911EEF2009D284D /* TapIn */;
			targetProxy = 35E0001A2911EEF3009D284D /* PBXContainerItemProxy */;
		};
/* End PBXTargetDependency section */

/* Begin XCBuildConfiguration section */
		351C42FC2920A99400B6A843 /* Debug */ = {
			isa = XCBuildConfiguration;
			buildSettings = {
				CODE_SIGN_ENTITLEMENTS = ContentFilterExtension/ContentFilterExtension.entitlements;
				CODE_SIGN_IDENTITY = "Apple Development";
				"CODE_SIGN_IDENTITY[sdk=macosx*]" = "Mac Developer";
				CODE_SIGN_STYLE = Manual;
				CURRENT_PROJECT_VERSION = 1;
				DEVELOPMENT_TEAM = "";
				"DEVELOPMENT_TEAM[sdk=macosx*]" = S83364QYM6;
				ENABLE_HARDENED_RUNTIME = YES;
				GENERATE_INFOPLIST_FILE = YES;
				INFOPLIST_FILE = ContentFilterExtension/Info.plist;
				INFOPLIST_KEY_CFBundleDisplayName = ContentFilterExtension;
				INFOPLIST_KEY_NSHumanReadableCopyright = "";
				LD_RUNPATH_SEARCH_PATHS = (
					"$(inherited)",
					"@executable_path/../Frameworks",
					"@executable_path/../../../../Frameworks",
				);
				MACOSX_DEPLOYMENT_TARGET = 13.0;
				MARKETING_VERSION = 1.0;
				PRODUCT_BUNDLE_IDENTIFIER = tapin.TapIn.ContentFilterExtension;
				PRODUCT_NAME = "$(inherited)";
				PROVISIONING_PROFILE_SPECIFIER = "";
				"PROVISIONING_PROFILE_SPECIFIER[sdk=macosx*]" = TapInContentFilterExtensionProvisioningProfile;
				SKIP_INSTALL = YES;
				SWIFT_EMIT_LOC_STRINGS = YES;
				SWIFT_VERSION = 5.0;
			};
			name = Debug;
		};
		351C42FD2920A99400B6A843 /* Release */ = {
			isa = XCBuildConfiguration;
			buildSettings = {
				CODE_SIGN_ENTITLEMENTS = ContentFilterExtension/ContentFilterExtension.entitlements;
				CODE_SIGN_IDENTITY = "Apple Development";
				"CODE_SIGN_IDENTITY[sdk=macosx*]" = "Mac Developer";
				CODE_SIGN_STYLE = Manual;
				CURRENT_PROJECT_VERSION = 1;
				DEVELOPMENT_TEAM = "";
				"DEVELOPMENT_TEAM[sdk=macosx*]" = S83364QYM6;
				ENABLE_HARDENED_RUNTIME = YES;
				GENERATE_INFOPLIST_FILE = YES;
				INFOPLIST_FILE = ContentFilterExtension/Info.plist;
				INFOPLIST_KEY_CFBundleDisplayName = ContentFilterExtension;
				INFOPLIST_KEY_NSHumanReadableCopyright = "";
				LD_RUNPATH_SEARCH_PATHS = (
					"$(inherited)",
					"@executable_path/../Frameworks",
					"@executable_path/../../../../Frameworks",
				);
				MACOSX_DEPLOYMENT_TARGET = 13.0;
				MARKETING_VERSION = 1.0;
				PRODUCT_BUNDLE_IDENTIFIER = tapin.TapIn.ContentFilterExtension;
				PRODUCT_NAME = "$(inherited)";
				PROVISIONING_PROFILE_SPECIFIER = "";
				"PROVISIONING_PROFILE_SPECIFIER[sdk=macosx*]" = TapInContentFilterExtensionProvisioningProfile;
				SKIP_INSTALL = YES;
				SWIFT_EMIT_LOC_STRINGS = YES;
				SWIFT_VERSION = 5.0;
			};
			name = Release;
		};
		35E000212911EEF3009D284D /* Debug */ = {
			isa = XCBuildConfiguration;
			buildSettings = {
				ALWAYS_SEARCH_USER_PATHS = NO;
				CLANG_ANALYZER_NONNULL = YES;
				CLANG_ANALYZER_NUMBER_OBJECT_CONVERSION = YES_AGGRESSIVE;
				CLANG_CXX_LANGUAGE_STANDARD = "gnu++20";
				CLANG_ENABLE_MODULES = YES;
				CLANG_ENABLE_OBJC_ARC = YES;
				CLANG_ENABLE_OBJC_WEAK = YES;
				CLANG_WARN_BLOCK_CAPTURE_AUTORELEASING = YES;
				CLANG_WARN_BOOL_CONVERSION = YES;
				CLANG_WARN_COMMA = YES;
				CLANG_WARN_CONSTANT_CONVERSION = YES;
				CLANG_WARN_DEPRECATED_OBJC_IMPLEMENTATIONS = YES;
				CLANG_WARN_DIRECT_OBJC_ISA_USAGE = YES_ERROR;
				CLANG_WARN_DOCUMENTATION_COMMENTS = YES;
				CLANG_WARN_EMPTY_BODY = YES;
				CLANG_WARN_ENUM_CONVERSION = YES;
				CLANG_WARN_INFINITE_RECURSION = YES;
				CLANG_WARN_INT_CONVERSION = YES;
				CLANG_WARN_NON_LITERAL_NULL_CONVERSION = YES;
				CLANG_WARN_OBJC_IMPLICIT_RETAIN_SELF = YES;
				CLANG_WARN_OBJC_LITERAL_CONVERSION = YES;
				CLANG_WARN_OBJC_ROOT_CLASS = YES_ERROR;
				CLANG_WARN_QUOTED_INCLUDE_IN_FRAMEWORK_HEADER = YES;
				CLANG_WARN_RANGE_LOOP_ANALYSIS = YES;
				CLANG_WARN_STRICT_PROTOTYPES = YES;
				CLANG_WARN_SUSPICIOUS_MOVE = YES;
				CLANG_WARN_UNGUARDED_AVAILABILITY = YES_AGGRESSIVE;
				CLANG_WARN_UNREACHABLE_CODE = YES;
				CLANG_WARN__DUPLICATE_METHOD_MATCH = YES;
				COPY_PHASE_STRIP = NO;
				DEAD_CODE_STRIPPING = YES;
				DEBUG_INFORMATION_FORMAT = dwarf;
				ENABLE_STRICT_OBJC_MSGSEND = YES;
				ENABLE_TESTABILITY = YES;
				GCC_C_LANGUAGE_STANDARD = gnu11;
				GCC_DYNAMIC_NO_PIC = NO;
				GCC_NO_COMMON_BLOCKS = YES;
				GCC_OPTIMIZATION_LEVEL = 0;
				GCC_PREPROCESSOR_DEFINITIONS = (
					"DEBUG=1",
					"$(inherited)",
				);
				GCC_WARN_64_TO_32_BIT_CONVERSION = YES;
				GCC_WARN_ABOUT_RETURN_TYPE = YES_ERROR;
				GCC_WARN_UNDECLARED_SELECTOR = YES;
				GCC_WARN_UNINITIALIZED_AUTOS = YES_AGGRESSIVE;
				GCC_WARN_UNUSED_FUNCTION = YES;
				GCC_WARN_UNUSED_VARIABLE = YES;
				MACOSX_DEPLOYMENT_TARGET = 13.0;
				MTL_ENABLE_DEBUG_INFO = INCLUDE_SOURCE;
				MTL_FAST_MATH = YES;
				ONLY_ACTIVE_ARCH = YES;
				SDKROOT = macosx;
				SWIFT_ACTIVE_COMPILATION_CONDITIONS = DEBUG;
				SWIFT_ENFORCE_EXCLUSIVE_ACCESS = off;
				SWIFT_OPTIMIZATION_LEVEL = "-Onone";
			};
			name = Debug;
		};
		35E000222911EEF3009D284D /* Release */ = {
			isa = XCBuildConfiguration;
			buildSettings = {
				ALWAYS_SEARCH_USER_PATHS = NO;
				CLANG_ANALYZER_NONNULL = YES;
				CLANG_ANALYZER_NUMBER_OBJECT_CONVERSION = YES_AGGRESSIVE;
				CLANG_CXX_LANGUAGE_STANDARD = "gnu++20";
				CLANG_ENABLE_MODULES = YES;
				CLANG_ENABLE_OBJC_ARC = YES;
				CLANG_ENABLE_OBJC_WEAK = YES;
				CLANG_WARN_BLOCK_CAPTURE_AUTORELEASING = YES;
				CLANG_WARN_BOOL_CONVERSION = YES;
				CLANG_WARN_COMMA = YES;
				CLANG_WARN_CONSTANT_CONVERSION = YES;
				CLANG_WARN_DEPRECATED_OBJC_IMPLEMENTATIONS = YES;
				CLANG_WARN_DIRECT_OBJC_ISA_USAGE = YES_ERROR;
				CLANG_WARN_DOCUMENTATION_COMMENTS = YES;
				CLANG_WARN_EMPTY_BODY = YES;
				CLANG_WARN_ENUM_CONVERSION = YES;
				CLANG_WARN_INFINITE_RECURSION = YES;
				CLANG_WARN_INT_CONVERSION = YES;
				CLANG_WARN_NON_LITERAL_NULL_CONVERSION = YES;
				CLANG_WARN_OBJC_IMPLICIT_RETAIN_SELF = YES;
				CLANG_WARN_OBJC_LITERAL_CONVERSION = YES;
				CLANG_WARN_OBJC_ROOT_CLASS = YES_ERROR;
				CLANG_WARN_QUOTED_INCLUDE_IN_FRAMEWORK_HEADER = YES;
				CLANG_WARN_RANGE_LOOP_ANALYSIS = YES;
				CLANG_WARN_STRICT_PROTOTYPES = YES;
				CLANG_WARN_SUSPICIOUS_MOVE = YES;
				CLANG_WARN_UNGUARDED_AVAILABILITY = YES_AGGRESSIVE;
				CLANG_WARN_UNREACHABLE_CODE = YES;
				CLANG_WARN__DUPLICATE_METHOD_MATCH = YES;
				COPY_PHASE_STRIP = NO;
				DEAD_CODE_STRIPPING = YES;
				DEBUG_INFORMATION_FORMAT = "dwarf-with-dsym";
				ENABLE_NS_ASSERTIONS = NO;
				ENABLE_STRICT_OBJC_MSGSEND = YES;
				GCC_C_LANGUAGE_STANDARD = gnu11;
				GCC_NO_COMMON_BLOCKS = YES;
				GCC_WARN_64_TO_32_BIT_CONVERSION = YES;
				GCC_WARN_ABOUT_RETURN_TYPE = YES_ERROR;
				GCC_WARN_UNDECLARED_SELECTOR = YES;
				GCC_WARN_UNINITIALIZED_AUTOS = YES_AGGRESSIVE;
				GCC_WARN_UNUSED_FUNCTION = YES;
				GCC_WARN_UNUSED_VARIABLE = YES;
				MACOSX_DEPLOYMENT_TARGET = 13.0;
				MTL_ENABLE_DEBUG_INFO = NO;
				MTL_FAST_MATH = YES;
				SDKROOT = macosx;
				SWIFT_COMPILATION_MODE = wholemodule;
				SWIFT_ENFORCE_EXCLUSIVE_ACCESS = off;
				SWIFT_OPTIMIZATION_LEVEL = "-O";
			};
			name = Release;
		};
		35E000242911EEF3009D284D /* Debug */ = {
			isa = XCBuildConfiguration;
			buildSettings = {
				ALWAYS_EMBED_SWIFT_STANDARD_LIBRARIES = YES;
				ASSETCATALOG_COMPILER_APPICON_NAME = AppIcon;
				ASSETCATALOG_COMPILER_GLOBAL_ACCENT_COLOR_NAME = AccentColor;
				CODE_SIGN_ENTITLEMENTS = TapIn/TapIn.entitlements;
				CODE_SIGN_IDENTITY = "Apple Development";
				CODE_SIGN_STYLE = Automatic;
				COMBINE_HIDPI_IMAGES = YES;
				CURRENT_PROJECT_VERSION = 1;
				DEAD_CODE_STRIPPING = YES;
				DEVELOPMENT_ASSET_PATHS = "\"TapIn/Preview Content\"";
				DEVELOPMENT_TEAM = S83364QYM6;
				ENABLE_HARDENED_RUNTIME = YES;
				ENABLE_PREVIEWS = YES;
				GENERATE_INFOPLIST_FILE = YES;
				INFOPLIST_FILE = TapIn/Info.plist;
				INFOPLIST_KEY_LSApplicationCategoryType = "public.app-category.productivity";
				INFOPLIST_KEY_NSHumanReadableCopyright = "";
				LD_RUNPATH_SEARCH_PATHS = (
					"$(inherited)",
					"@executable_path/../Frameworks",
				);
				MARKETING_VERSION = 1.0;
				PRODUCT_BUNDLE_IDENTIFIER = tapin.TapIn;
				PRODUCT_NAME = "$(TARGET_NAME)";
				PROVISIONING_PROFILE_SPECIFIER = "";
				SWIFT_EMIT_LOC_STRINGS = YES;
				SWIFT_VERSION = 5.0;
			};
			name = Debug;
		};
		35E000252911EEF3009D284D /* Release */ = {
			isa = XCBuildConfiguration;
			buildSettings = {
				ALWAYS_EMBED_SWIFT_STANDARD_LIBRARIES = YES;
				ASSETCATALOG_COMPILER_APPICON_NAME = AppIcon;
				ASSETCATALOG_COMPILER_GLOBAL_ACCENT_COLOR_NAME = AccentColor;
				CODE_SIGN_ENTITLEMENTS = TapIn/TapIn.entitlements;
				CODE_SIGN_IDENTITY = "Apple Development";
				CODE_SIGN_STYLE = Automatic;
				COMBINE_HIDPI_IMAGES = YES;
				CURRENT_PROJECT_VERSION = 1;
				DEAD_CODE_STRIPPING = YES;
				DEVELOPMENT_ASSET_PATHS = "\"TapIn/Preview Content\"";
				DEVELOPMENT_TEAM = S83364QYM6;
				ENABLE_HARDENED_RUNTIME = YES;
				ENABLE_PREVIEWS = YES;
				GENERATE_INFOPLIST_FILE = YES;
				INFOPLIST_FILE = TapIn/Info.plist;
				INFOPLIST_KEY_LSApplicationCategoryType = "public.app-category.productivity";
				INFOPLIST_KEY_NSHumanReadableCopyright = "";
				LD_RUNPATH_SEARCH_PATHS = (
					"$(inherited)",
					"@executable_path/../Frameworks",
				);
				MARKETING_VERSION = 1.0;
				PRODUCT_BUNDLE_IDENTIFIER = tapin.TapIn;
				PRODUCT_NAME = "$(TARGET_NAME)";
				PROVISIONING_PROFILE_SPECIFIER = "";
				SWIFT_EMIT_LOC_STRINGS = YES;
				SWIFT_VERSION = 5.0;
			};
			name = Release;
		};
		35E000272911EEF3009D284D /* Debug */ = {
			isa = XCBuildConfiguration;
			buildSettings = {
				ALWAYS_EMBED_SWIFT_STANDARD_LIBRARIES = YES;
				BUNDLE_LOADER = "$(TEST_HOST)";
				CODE_SIGN_STYLE = Automatic;
				CURRENT_PROJECT_VERSION = 1;
				DEAD_CODE_STRIPPING = YES;
				DEVELOPMENT_TEAM = S83364QYM6;
				GENERATE_INFOPLIST_FILE = YES;
				MACOSX_DEPLOYMENT_TARGET = 13.0;
				MARKETING_VERSION = 1.0;
				PRODUCT_BUNDLE_IDENTIFIER = tapin.TapInTests;
				PRODUCT_NAME = "$(TARGET_NAME)";
				SWIFT_EMIT_LOC_STRINGS = NO;
				SWIFT_VERSION = 5.0;
				TEST_HOST = "$(BUILT_PRODUCTS_DIR)/TapIn.app/$(BUNDLE_EXECUTABLE_FOLDER_PATH)/TapIn";
			};
			name = Debug;
		};
		35E000282911EEF3009D284D /* Release */ = {
			isa = XCBuildConfiguration;
			buildSettings = {
				ALWAYS_EMBED_SWIFT_STANDARD_LIBRARIES = YES;
				BUNDLE_LOADER = "$(TEST_HOST)";
				CODE_SIGN_STYLE = Automatic;
				CURRENT_PROJECT_VERSION = 1;
				DEAD_CODE_STRIPPING = YES;
				DEVELOPMENT_TEAM = S83364QYM6;
				GENERATE_INFOPLIST_FILE = YES;
				MACOSX_DEPLOYMENT_TARGET = 13.0;
				MARKETING_VERSION = 1.0;
				PRODUCT_BUNDLE_IDENTIFIER = tapin.TapInTests;
				PRODUCT_NAME = "$(TARGET_NAME)";
				SWIFT_EMIT_LOC_STRINGS = NO;
				SWIFT_VERSION = 5.0;
				TEST_HOST = "$(BUILT_PRODUCTS_DIR)/TapIn.app/$(BUNDLE_EXECUTABLE_FOLDER_PATH)/TapIn";
			};
			name = Release;
		};
		35E0002A2911EEF3009D284D /* Debug */ = {
			isa = XCBuildConfiguration;
			buildSettings = {
				ALWAYS_EMBED_SWIFT_STANDARD_LIBRARIES = YES;
				CODE_SIGN_STYLE = Automatic;
				CURRENT_PROJECT_VERSION = 1;
				DEAD_CODE_STRIPPING = YES;
				DEVELOPMENT_TEAM = S83364QYM6;
				GENERATE_INFOPLIST_FILE = YES;
				MARKETING_VERSION = 1.0;
				PRODUCT_BUNDLE_IDENTIFIER = tapin.TapInUITests;
				PRODUCT_NAME = "$(TARGET_NAME)";
				SWIFT_EMIT_LOC_STRINGS = NO;
				SWIFT_VERSION = 5.0;
				TEST_TARGET_NAME = TapIn;
			};
			name = Debug;
		};
		35E0002B2911EEF3009D284D /* Release */ = {
			isa = XCBuildConfiguration;
			buildSettings = {
				ALWAYS_EMBED_SWIFT_STANDARD_LIBRARIES = YES;
				CODE_SIGN_STYLE = Automatic;
				CURRENT_PROJECT_VERSION = 1;
				DEAD_CODE_STRIPPING = YES;
				DEVELOPMENT_TEAM = S83364QYM6;
				GENERATE_INFOPLIST_FILE = YES;
				MARKETING_VERSION = 1.0;
				PRODUCT_BUNDLE_IDENTIFIER = tapin.TapInUITests;
				PRODUCT_NAME = "$(TARGET_NAME)";
				SWIFT_EMIT_LOC_STRINGS = NO;
				SWIFT_VERSION = 5.0;
				TEST_TARGET_NAME = TapIn;
			};
			name = Release;
		};
/* End XCBuildConfiguration section */

/* Begin XCConfigurationList section */
		351C42FE2920A99400B6A843 /* Build configuration list for PBXNativeTarget "ContentFilterExtension" */ = {
			isa = XCConfigurationList;
			buildConfigurations = (
				351C42FC2920A99400B6A843 /* Debug */,
				351C42FD2920A99400B6A843 /* Release */,
			);
			defaultConfigurationIsVisible = 0;
			defaultConfigurationName = Release;
		};
		35E000232911EEF3009D284D /* Build configuration list for PBXNativeTarget "TapIn" */ = {
			isa = XCConfigurationList;
			buildConfigurations = (
				35E000242911EEF3009D284D /* Debug */,
				35E000252911EEF3009D284D /* Release */,
			);
			defaultConfigurationIsVisible = 0;
			defaultConfigurationName = Release;
		};
		35E000262911EEF3009D284D /* Build configuration list for PBXNativeTarget "TapInTests" */ = {
			isa = XCConfigurationList;
			buildConfigurations = (
				35E000272911EEF3009D284D /* Debug */,
				35E000282911EEF3009D284D /* Release */,
			);
			defaultConfigurationIsVisible = 0;
			defaultConfigurationName = Release;
		};
		35E000292911EEF3009D284D /* Build configuration list for PBXNativeTarget "TapInUITests" */ = {
			isa = XCConfigurationList;
			buildConfigurations = (
				35E0002A2911EEF3009D284D /* Debug */,
				35E0002B2911EEF3009D284D /* Release */,
			);
			defaultConfigurationIsVisible = 0;
			defaultConfigurationName = Release;
		};
		35E0FFF92911EEF2009D284D /* Build configuration list for PBXProject "TapIn" */ = {
			isa = XCConfigurationList;
			buildConfigurations = (
				35E000212911EEF3009D284D /* Debug */,
				35E000222911EEF3009D284D /* Release */,
			);
			defaultConfigurationIsVisible = 0;
			defaultConfigurationName = Release;
		};
/* End XCConfigurationList section */

/* Begin XCRemoteSwiftPackageReference section */
		3505D2442911FBA9008B7274 /* XCRemoteSwiftPackageReference "realm-swift" */ = {
			isa = XCRemoteSwiftPackageReference;
			repositoryURL = "https://github.com/realm/realm-swift.git";
			requirement = {
				branch = master;
				kind = branch;
			};
		};
/* End XCRemoteSwiftPackageReference section */

/* Begin XCSwiftPackageProductDependency section */
		3505D2452911FBA9008B7274 /* Realm */ = {
			isa = XCSwiftPackageProductDependency;
			package = 3505D2442911FBA9008B7274 /* XCRemoteSwiftPackageReference "realm-swift" */;
			productName = Realm;
		};
		3505D2472911FBA9008B7274 /* RealmSwift */ = {
			isa = XCSwiftPackageProductDependency;
			package = 3505D2442911FBA9008B7274 /* XCRemoteSwiftPackageReference "realm-swift" */;
			productName = RealmSwift;
		};
/* End XCSwiftPackageProductDependency section */
	};
	rootObject = 35E0FFF62911EEF2009D284D /* Project object */;
}
